// !$*UTF8*$!
{
	archiveVersion = 1;
	classes = {
	};
	objectVersion = 46;
	objects = {

/* Begin PBXBuildFile section */
		464A7BDD1B52A15F00F3CB5E /* AppDelegate.swift in Sources */ = {isa = PBXBuildFile; fileRef = 464A7BDC1B52A15F00F3CB5E /* AppDelegate.swift */; };
		464A7BDF1B52A16900F3CB5E /* User.swift in Sources */ = {isa = PBXBuildFile; fileRef = 464A7BDE1B52A16900F3CB5E /* User.swift */; };
		464A7BE11B52A16E00F3CB5E /* Header.swift in Sources */ = {isa = PBXBuildFile; fileRef = 464A7BE01B52A16E00F3CB5E /* Header.swift */; };
		464A7BE31B52A17200F3CB5E /* Message.swift in Sources */ = {isa = PBXBuildFile; fileRef = 464A7BE21B52A17200F3CB5E /* Message.swift */; };
		464A7BE61B52A1E900F3CB5E /* Main.storyboard in Resources */ = {isa = PBXBuildFile; fileRef = 464A7BE41B52A1E900F3CB5E /* Main.storyboard */; };
		464A7BE81B52A1F300F3CB5E /* MasterViewController.swift in Sources */ = {isa = PBXBuildFile; fileRef = 464A7BE71B52A1F300F3CB5E /* MasterViewController.swift */; };
		464A7BEA1B52A20200F3CB5E /* MessageViewController.swift in Sources */ = {isa = PBXBuildFile; fileRef = 464A7BE91B52A20200F3CB5E /* MessageViewController.swift */; };
		464A7BEC1B52A20A00F3CB5E /* MapViewController.swift in Sources */ = {isa = PBXBuildFile; fileRef = 464A7BEB1B52A20A00F3CB5E /* MapViewController.swift */; };
		464A7BF31B52A21A00F3CB5E /* AvatarAnnotation.swift in Sources */ = {isa = PBXBuildFile; fileRef = 464A7BED1B52A21A00F3CB5E /* AvatarAnnotation.swift */; };
		464A7BF41B52A21A00F3CB5E /* AvatarAnnotationView.swift in Sources */ = {isa = PBXBuildFile; fileRef = 464A7BEE1B52A21A00F3CB5E /* AvatarAnnotationView.swift */; };
		464A7BF51B52A21A00F3CB5E /* FriendListSectionHeaderView.swift in Sources */ = {isa = PBXBuildFile; fileRef = 464A7BEF1B52A21A00F3CB5E /* FriendListSectionHeaderView.swift */; };
		464A7BF61B52A21A00F3CB5E /* FriendListSectionHeaderView.xib in Resources */ = {isa = PBXBuildFile; fileRef = 464A7BF01B52A21A00F3CB5E /* FriendListSectionHeaderView.xib */; };
		464A7BF71B52A21A00F3CB5E /* FriendListViewController.swift in Sources */ = {isa = PBXBuildFile; fileRef = 464A7BF11B52A21A00F3CB5E /* FriendListViewController.swift */; };
		464A7BF81B52A21A00F3CB5E /* FriendTableViewCell.swift in Sources */ = {isa = PBXBuildFile; fileRef = 464A7BF21B52A21A00F3CB5E /* FriendTableViewCell.swift */; };
		464A7BFA1B52A22700F3CB5E /* InsetLabel.swift in Sources */ = {isa = PBXBuildFile; fileRef = 464A7BF91B52A22700F3CB5E /* InsetLabel.swift */; };
		464A7BFD1B52A23A00F3CB5E /* headers.json in Resources */ = {isa = PBXBuildFile; fileRef = 464A7BFB1B52A23A00F3CB5E /* headers.json */; };
		464A7BFE1B52A23A00F3CB5E /* users.json in Resources */ = {isa = PBXBuildFile; fileRef = 464A7BFC1B52A23A00F3CB5E /* users.json */; };
		464A7C041B52A25000F3CB5E /* Assets.xcassets in Resources */ = {isa = PBXBuildFile; fileRef = 464A7C031B52A25000F3CB5E /* Assets.xcassets */; };
		464A7C071B52A25600F3CB5E /* LaunchScreen.storyboard in Resources */ = {isa = PBXBuildFile; fileRef = 464A7C051B52A25600F3CB5E /* LaunchScreen.storyboard */; };
		464A7C091B52A26000F3CB5E /* Info.plist in Resources */ = {isa = PBXBuildFile; fileRef = 464A7C081B52A26000F3CB5E /* Info.plist */; };
		464A7C0B1B52A26400F3CB5E /* API.swift in Sources */ = {isa = PBXBuildFile; fileRef = 464A7C0A1B52A26400F3CB5E /* API.swift */; };
		464A7C0D1B52A26900F3CB5E /* Location.swift in Sources */ = {isa = PBXBuildFile; fileRef = 464A7C0C1B52A26900F3CB5E /* Location.swift */; };
		464A7C111B52A27500F3CB5E /* ColorDefines.swift in Sources */ = {isa = PBXBuildFile; fileRef = 464A7C0E1B52A27500F3CB5E /* ColorDefines.swift */; };
		464A7C121B52A27500F3CB5E /* ImageDefines.swift in Sources */ = {isa = PBXBuildFile; fileRef = 464A7C0F1B52A27500F3CB5E /* ImageDefines.swift */; };
		464A7C131B52A27500F3CB5E /* SegueDefines.swift in Sources */ = {isa = PBXBuildFile; fileRef = 464A7C101B52A27500F3CB5E /* SegueDefines.swift */; };
		464A7C161B52A28300F3CB5E /* NSNotificationCenterHelper.swift in Sources */ = {isa = PBXBuildFile; fileRef = 464A7C141B52A28300F3CB5E /* NSNotificationCenterHelper.swift */; };
		464A7C171B52A28300F3CB5E /* NSUserDefaultHelper.swift in Sources */ = {isa = PBXBuildFile; fileRef = 464A7C151B52A28300F3CB5E /* NSUserDefaultHelper.swift */; };
		464A7C1B1B52A28900F3CB5E /* UIColorExtension.swift in Sources */ = {isa = PBXBuildFile; fileRef = 464A7C181B52A28900F3CB5E /* UIColorExtension.swift */; };
		464A7C1C1B52A28900F3CB5E /* UIStoryboardExtension.swift in Sources */ = {isa = PBXBuildFile; fileRef = 464A7C191B52A28900F3CB5E /* UIStoryboardExtension.swift */; };
		464A7C1D1B52A28900F3CB5E /* UIViewExtension.swift in Sources */ = {isa = PBXBuildFile; fileRef = 464A7C1A1B52A28900F3CB5E /* UIViewExtension.swift */; };
		464A7C1F1B52A29C00F3CB5E /* StringExtension.swift in Sources */ = {isa = PBXBuildFile; fileRef = 464A7C1E1B52A29C00F3CB5E /* StringExtension.swift */; };
		464A7C211B52A29F00F3CB5E /* JSONExtension.swift in Sources */ = {isa = PBXBuildFile; fileRef = 464A7C201B52A29F00F3CB5E /* JSONExtension.swift */; };
		464A7C231B52A2A300F3CB5E /* CLLocationExtension.swift in Sources */ = {isa = PBXBuildFile; fileRef = 464A7C221B52A2A300F3CB5E /* CLLocationExtension.swift */; };
		46869CEA1B52A76D00FF99BF /* FontBlaster.swift in Sources */ = {isa = PBXBuildFile; fileRef = 46869CE91B52A76D00FF99BF /* FontBlaster.swift */; };
		46869CEF1B52A92000FF99BF /* FriendMasterViewController.swift in Sources */ = {isa = PBXBuildFile; fileRef = 46869CEE1B52A92000FF99BF /* FriendMasterViewController.swift */; };
		46B689461B526AD200C22C4F /* JSQMessagesAssets.bundle in Resources */ = {isa = PBXBuildFile; fileRef = 46B688EA1B526AD100C22C4F /* JSQMessagesAssets.bundle */; };
		46B689471B526AD200C22C4F /* JSQSystemSoundPlayer+JSQMessages.m in Sources */ = {isa = PBXBuildFile; fileRef = 46B688ED1B526AD100C22C4F /* JSQSystemSoundPlayer+JSQMessages.m */; };
		46B689481B526AD200C22C4F /* NSBundle+JSQMessages.m in Sources */ = {isa = PBXBuildFile; fileRef = 46B688EF1B526AD100C22C4F /* NSBundle+JSQMessages.m */; };
		46B689491B526AD200C22C4F /* NSString+JSQMessages.m in Sources */ = {isa = PBXBuildFile; fileRef = 46B688F11B526AD100C22C4F /* NSString+JSQMessages.m */; };
		46B6894A1B526AD200C22C4F /* UIColor+JSQMessages.m in Sources */ = {isa = PBXBuildFile; fileRef = 46B688F31B526AD100C22C4F /* UIColor+JSQMessages.m */; };
		46B6894B1B526AD200C22C4F /* UIDevice+JSQMessages.m in Sources */ = {isa = PBXBuildFile; fileRef = 46B688F51B526AD100C22C4F /* UIDevice+JSQMessages.m */; };
		46B6894C1B526AD200C22C4F /* UIImage+JSQMessages.m in Sources */ = {isa = PBXBuildFile; fileRef = 46B688F71B526AD100C22C4F /* UIImage+JSQMessages.m */; };
		46B6894D1B526AD200C22C4F /* UIView+JSQMessages.m in Sources */ = {isa = PBXBuildFile; fileRef = 46B688F91B526AD100C22C4F /* UIView+JSQMessages.m */; };
		46B6894E1B526AD200C22C4F /* JSQMessagesKeyboardController.m in Sources */ = {isa = PBXBuildFile; fileRef = 46B688FC1B526AD100C22C4F /* JSQMessagesKeyboardController.m */; };
		46B6894F1B526AD200C22C4F /* JSQMessagesViewController.m in Sources */ = {isa = PBXBuildFile; fileRef = 46B688FE1B526AD100C22C4F /* JSQMessagesViewController.m */; };
		46B689501B526AD200C22C4F /* JSQMessagesViewController.xib in Resources */ = {isa = PBXBuildFile; fileRef = 46B688FF1B526AD100C22C4F /* JSQMessagesViewController.xib */; };
		46B689511B526AD200C22C4F /* JSQMessagesAvatarImageFactory.m in Sources */ = {isa = PBXBuildFile; fileRef = 46B689021B526AD100C22C4F /* JSQMessagesAvatarImageFactory.m */; };
		46B689521B526AD200C22C4F /* JSQMessagesBubbleImageFactory.m in Sources */ = {isa = PBXBuildFile; fileRef = 46B689041B526AD100C22C4F /* JSQMessagesBubbleImageFactory.m */; };
		46B689531B526AD200C22C4F /* JSQMessagesMediaViewBubbleImageMasker.m in Sources */ = {isa = PBXBuildFile; fileRef = 46B689061B526AD100C22C4F /* JSQMessagesMediaViewBubbleImageMasker.m */; };
		46B689541B526AD200C22C4F /* JSQMessagesTimestampFormatter.m in Sources */ = {isa = PBXBuildFile; fileRef = 46B689081B526AD100C22C4F /* JSQMessagesTimestampFormatter.m */; };
		46B689551B526AD200C22C4F /* JSQMessagesToolbarButtonFactory.m in Sources */ = {isa = PBXBuildFile; fileRef = 46B6890A1B526AD100C22C4F /* JSQMessagesToolbarButtonFactory.m */; };
		46B689561B526AD200C22C4F /* JSQMessagesCollectionViewFlowLayout.m in Sources */ = {isa = PBXBuildFile; fileRef = 46B6890E1B526AD100C22C4F /* JSQMessagesCollectionViewFlowLayout.m */; };
		46B689571B526AD200C22C4F /* JSQMessagesCollectionViewFlowLayoutInvalidationContext.m in Sources */ = {isa = PBXBuildFile; fileRef = 46B689101B526AD100C22C4F /* JSQMessagesCollectionViewFlowLayoutInvalidationContext.m */; };
		46B689581B526AD200C22C4F /* JSQMessagesCollectionViewLayoutAttributes.m in Sources */ = {isa = PBXBuildFile; fileRef = 46B689121B526AD100C22C4F /* JSQMessagesCollectionViewLayoutAttributes.m */; };
		46B689591B526AD200C22C4F /* JSQLocationMediaItem.m in Sources */ = {isa = PBXBuildFile; fileRef = 46B689151B526AD100C22C4F /* JSQLocationMediaItem.m */; };
		46B6895A1B526AD200C22C4F /* JSQMediaItem.m in Sources */ = {isa = PBXBuildFile; fileRef = 46B689171B526AD100C22C4F /* JSQMediaItem.m */; };
		46B6895B1B526AD200C22C4F /* JSQMessage.m in Sources */ = {isa = PBXBuildFile; fileRef = 46B689191B526AD100C22C4F /* JSQMessage.m */; };
		46B6895C1B526AD200C22C4F /* JSQMessagesAvatarImage.m in Sources */ = {isa = PBXBuildFile; fileRef = 46B6891F1B526AD100C22C4F /* JSQMessagesAvatarImage.m */; };
		46B6895D1B526AD200C22C4F /* JSQMessagesBubbleImage.m in Sources */ = {isa = PBXBuildFile; fileRef = 46B689211B526AD100C22C4F /* JSQMessagesBubbleImage.m */; };
		46B6895E1B526AD200C22C4F /* JSQPhotoMediaItem.m in Sources */ = {isa = PBXBuildFile; fileRef = 46B689251B526AD100C22C4F /* JSQPhotoMediaItem.m */; };
		46B6895F1B526AD200C22C4F /* JSQVideoMediaItem.m in Sources */ = {isa = PBXBuildFile; fileRef = 46B689271B526AD100C22C4F /* JSQVideoMediaItem.m */; };
		46B689601B526AD200C22C4F /* JSQMessagesCellTextView.m in Sources */ = {isa = PBXBuildFile; fileRef = 46B6892A1B526AD200C22C4F /* JSQMessagesCellTextView.m */; };
		46B689611B526AD200C22C4F /* JSQMessagesCollectionView.m in Sources */ = {isa = PBXBuildFile; fileRef = 46B6892C1B526AD200C22C4F /* JSQMessagesCollectionView.m */; };
		46B689621B526AD200C22C4F /* JSQMessagesCollectionViewCell.m in Sources */ = {isa = PBXBuildFile; fileRef = 46B6892E1B526AD200C22C4F /* JSQMessagesCollectionViewCell.m */; };
		46B689631B526AD200C22C4F /* JSQMessagesCollectionViewCellIncoming.m in Sources */ = {isa = PBXBuildFile; fileRef = 46B689301B526AD200C22C4F /* JSQMessagesCollectionViewCellIncoming.m */; };
		46B689641B526AD200C22C4F /* JSQMessagesCollectionViewCellIncoming.xib in Resources */ = {isa = PBXBuildFile; fileRef = 46B689311B526AD200C22C4F /* JSQMessagesCollectionViewCellIncoming.xib */; };
		46B689651B526AD200C22C4F /* JSQMessagesCollectionViewCellOutgoing.m in Sources */ = {isa = PBXBuildFile; fileRef = 46B689331B526AD200C22C4F /* JSQMessagesCollectionViewCellOutgoing.m */; };
		46B689661B526AD200C22C4F /* JSQMessagesCollectionViewCellOutgoing.xib in Resources */ = {isa = PBXBuildFile; fileRef = 46B689341B526AD200C22C4F /* JSQMessagesCollectionViewCellOutgoing.xib */; };
		46B689671B526AD200C22C4F /* JSQMessagesComposerTextView.m in Sources */ = {isa = PBXBuildFile; fileRef = 46B689361B526AD200C22C4F /* JSQMessagesComposerTextView.m */; };
		46B689681B526AD200C22C4F /* JSQMessagesInputToolbar.m in Sources */ = {isa = PBXBuildFile; fileRef = 46B689381B526AD200C22C4F /* JSQMessagesInputToolbar.m */; };
		46B689691B526AD200C22C4F /* JSQMessagesLabel.m in Sources */ = {isa = PBXBuildFile; fileRef = 46B6893A1B526AD200C22C4F /* JSQMessagesLabel.m */; };
		46B6896A1B526AD200C22C4F /* JSQMessagesLoadEarlierHeaderView.m in Sources */ = {isa = PBXBuildFile; fileRef = 46B6893C1B526AD200C22C4F /* JSQMessagesLoadEarlierHeaderView.m */; };
		46B6896B1B526AD200C22C4F /* JSQMessagesLoadEarlierHeaderView.xib in Resources */ = {isa = PBXBuildFile; fileRef = 46B6893D1B526AD200C22C4F /* JSQMessagesLoadEarlierHeaderView.xib */; };
		46B6896C1B526AD200C22C4F /* JSQMessagesMediaPlaceholderView.m in Sources */ = {isa = PBXBuildFile; fileRef = 46B6893F1B526AD200C22C4F /* JSQMessagesMediaPlaceholderView.m */; };
		46B6896D1B526AD200C22C4F /* JSQMessagesToolbarContentView.m in Sources */ = {isa = PBXBuildFile; fileRef = 46B689411B526AD200C22C4F /* JSQMessagesToolbarContentView.m */; };
		46B6896E1B526AD200C22C4F /* JSQMessagesToolbarContentView.xib in Resources */ = {isa = PBXBuildFile; fileRef = 46B689421B526AD200C22C4F /* JSQMessagesToolbarContentView.xib */; };
		46B6896F1B526AD200C22C4F /* JSQMessagesTypingIndicatorFooterView.m in Sources */ = {isa = PBXBuildFile; fileRef = 46B689441B526AD200C22C4F /* JSQMessagesTypingIndicatorFooterView.m */; };
		46B689701B526AD200C22C4F /* JSQMessagesTypingIndicatorFooterView.xib in Resources */ = {isa = PBXBuildFile; fileRef = 46B689451B526AD200C22C4F /* JSQMessagesTypingIndicatorFooterView.xib */; };
		46B689B91B526B1400C22C4F /* Info.plist in Resources */ = {isa = PBXBuildFile; fileRef = 46B689B61B526B1400C22C4F /* Info.plist */; };
		46B689BA1B526B1400C22C4F /* JSQSystemSoundPlayer.m in Sources */ = {isa = PBXBuildFile; fileRef = 46B689B81B526B1400C22C4F /* JSQSystemSoundPlayer.m */; };
		46D96DBC1B51F20400701D69 /* MBPullDownController.m in Sources */ = {isa = PBXBuildFile; fileRef = 46D96DBB1B51F20400701D69 /* MBPullDownController.m */; };
		46D96DD61B520A5200701D69 /* Toucan.framework in Embed Frameworks */ = {isa = PBXBuildFile; fileRef = 46D96DD31B5209E100701D69 /* Toucan.framework */; settings = {ATTRIBUTES = (CodeSignOnCopy, RemoveHeadersOnCopy, ); }; };
		46FEE92C1B51CF4F00DA441E /* MapKit.framework in Frameworks */ = {isa = PBXBuildFile; fileRef = 46FEE92B1B51CF4F00DA441E /* MapKit.framework */; };
		46FEE92E1B51CF5300DA441E /* CoreLocation.framework in Frameworks */ = {isa = PBXBuildFile; fileRef = 46FEE92D1B51CF5300DA441E /* CoreLocation.framework */; };
/* End PBXBuildFile section */

/* Begin PBXCopyFilesBuildPhase section */
		46D96DD71B520A5300701D69 /* Embed Frameworks */ = {
			isa = PBXCopyFilesBuildPhase;
			buildActionMask = 2147483647;
			dstPath = "";
			dstSubfolderSpec = 10;
			files = (
				46D96DD61B520A5200701D69 /* Toucan.framework in Embed Frameworks */,
			);
			name = "Embed Frameworks";
			runOnlyForDeploymentPostprocessing = 0;
		};
/* End PBXCopyFilesBuildPhase section */

/* Begin PBXFileReference section */
		464A7BDC1B52A15F00F3CB5E /* AppDelegate.swift */ = {isa = PBXFileReference; fileEncoding = 4; lastKnownFileType = sourcecode.swift; path = AppDelegate.swift; sourceTree = "<group>"; };
		464A7BDE1B52A16900F3CB5E /* User.swift */ = {isa = PBXFileReference; fileEncoding = 4; lastKnownFileType = sourcecode.swift; path = User.swift; sourceTree = "<group>"; };
		464A7BE01B52A16E00F3CB5E /* Header.swift */ = {isa = PBXFileReference; fileEncoding = 4; lastKnownFileType = sourcecode.swift; path = Header.swift; sourceTree = "<group>"; };
		464A7BE21B52A17200F3CB5E /* Message.swift */ = {isa = PBXFileReference; fileEncoding = 4; lastKnownFileType = sourcecode.swift; path = Message.swift; sourceTree = "<group>"; };
		464A7BE51B52A1E900F3CB5E /* Base */ = {isa = PBXFileReference; lastKnownFileType = file.storyboard; name = Base; path = Base.lproj/Main.storyboard; sourceTree = "<group>"; };
		464A7BE71B52A1F300F3CB5E /* MasterViewController.swift */ = {isa = PBXFileReference; fileEncoding = 4; lastKnownFileType = sourcecode.swift; path = MasterViewController.swift; sourceTree = "<group>"; };
		464A7BE91B52A20200F3CB5E /* MessageViewController.swift */ = {isa = PBXFileReference; fileEncoding = 4; lastKnownFileType = sourcecode.swift; path = MessageViewController.swift; sourceTree = "<group>"; };
		464A7BEB1B52A20A00F3CB5E /* MapViewController.swift */ = {isa = PBXFileReference; fileEncoding = 4; lastKnownFileType = sourcecode.swift; path = MapViewController.swift; sourceTree = "<group>"; };
		464A7BED1B52A21A00F3CB5E /* AvatarAnnotation.swift */ = {isa = PBXFileReference; fileEncoding = 4; lastKnownFileType = sourcecode.swift; path = AvatarAnnotation.swift; sourceTree = "<group>"; };
		464A7BEE1B52A21A00F3CB5E /* AvatarAnnotationView.swift */ = {isa = PBXFileReference; fileEncoding = 4; lastKnownFileType = sourcecode.swift; path = AvatarAnnotationView.swift; sourceTree = "<group>"; };
		464A7BEF1B52A21A00F3CB5E /* FriendListSectionHeaderView.swift */ = {isa = PBXFileReference; fileEncoding = 4; lastKnownFileType = sourcecode.swift; path = FriendListSectionHeaderView.swift; sourceTree = "<group>"; };
		464A7BF01B52A21A00F3CB5E /* FriendListSectionHeaderView.xib */ = {isa = PBXFileReference; fileEncoding = 4; lastKnownFileType = file.xib; path = FriendListSectionHeaderView.xib; sourceTree = "<group>"; };
		464A7BF11B52A21A00F3CB5E /* FriendListViewController.swift */ = {isa = PBXFileReference; fileEncoding = 4; lastKnownFileType = sourcecode.swift; path = FriendListViewController.swift; sourceTree = "<group>"; };
		464A7BF21B52A21A00F3CB5E /* FriendTableViewCell.swift */ = {isa = PBXFileReference; fileEncoding = 4; lastKnownFileType = sourcecode.swift; path = FriendTableViewCell.swift; sourceTree = "<group>"; };
		464A7BF91B52A22700F3CB5E /* InsetLabel.swift */ = {isa = PBXFileReference; fileEncoding = 4; lastKnownFileType = sourcecode.swift; path = InsetLabel.swift; sourceTree = "<group>"; };
		464A7BFB1B52A23A00F3CB5E /* headers.json */ = {isa = PBXFileReference; fileEncoding = 4; lastKnownFileType = text.json; path = headers.json; sourceTree = "<group>"; };
		464A7BFC1B52A23A00F3CB5E /* users.json */ = {isa = PBXFileReference; fileEncoding = 4; lastKnownFileType = text.json; path = users.json; sourceTree = "<group>"; };
		464A7BFF1B52A24700F3CB5E /* HUBERT JOCHAM Susa-Bold.otf */ = {isa = PBXFileReference; lastKnownFileType = file; path = "HUBERT JOCHAM Susa-Bold.otf"; sourceTree = "<group>"; };
		464A7C001B52A24700F3CB5E /* Mark Simonson - Proxima Nova Bold.otf */ = {isa = PBXFileReference; lastKnownFileType = file; path = "Mark Simonson - Proxima Nova Bold.otf"; sourceTree = "<group>"; };
		464A7C011B52A24700F3CB5E /* ProximaNova-Regular.otf */ = {isa = PBXFileReference; lastKnownFileType = file; path = "ProximaNova-Regular.otf"; sourceTree = "<group>"; };
		464A7C021B52A24700F3CB5E /* ProximaNova-Semibold.otf */ = {isa = PBXFileReference; lastKnownFileType = file; path = "ProximaNova-Semibold.otf"; sourceTree = "<group>"; };
		464A7C031B52A25000F3CB5E /* Assets.xcassets */ = {isa = PBXFileReference; lastKnownFileType = folder.assetcatalog; path = Assets.xcassets; sourceTree = "<group>"; };
		464A7C061B52A25600F3CB5E /* Base */ = {isa = PBXFileReference; lastKnownFileType = file.storyboard; name = Base; path = Base.lproj/LaunchScreen.storyboard; sourceTree = "<group>"; };
		464A7C081B52A26000F3CB5E /* Info.plist */ = {isa = PBXFileReference; fileEncoding = 4; lastKnownFileType = text.plist.xml; path = Info.plist; sourceTree = "<group>"; };
		464A7C0A1B52A26400F3CB5E /* API.swift */ = {isa = PBXFileReference; fileEncoding = 4; lastKnownFileType = sourcecode.swift; path = API.swift; sourceTree = "<group>"; };
		464A7C0C1B52A26900F3CB5E /* Location.swift */ = {isa = PBXFileReference; fileEncoding = 4; lastKnownFileType = sourcecode.swift; path = Location.swift; sourceTree = "<group>"; };
		464A7C0E1B52A27500F3CB5E /* ColorDefines.swift */ = {isa = PBXFileReference; fileEncoding = 4; lastKnownFileType = sourcecode.swift; path = ColorDefines.swift; sourceTree = "<group>"; };
		464A7C0F1B52A27500F3CB5E /* ImageDefines.swift */ = {isa = PBXFileReference; fileEncoding = 4; lastKnownFileType = sourcecode.swift; path = ImageDefines.swift; sourceTree = "<group>"; };
		464A7C101B52A27500F3CB5E /* SegueDefines.swift */ = {isa = PBXFileReference; fileEncoding = 4; lastKnownFileType = sourcecode.swift; path = SegueDefines.swift; sourceTree = "<group>"; };
		464A7C141B52A28300F3CB5E /* NSNotificationCenterHelper.swift */ = {isa = PBXFileReference; fileEncoding = 4; lastKnownFileType = sourcecode.swift; path = NSNotificationCenterHelper.swift; sourceTree = "<group>"; };
		464A7C151B52A28300F3CB5E /* NSUserDefaultHelper.swift */ = {isa = PBXFileReference; fileEncoding = 4; lastKnownFileType = sourcecode.swift; path = NSUserDefaultHelper.swift; sourceTree = "<group>"; };
		464A7C181B52A28900F3CB5E /* UIColorExtension.swift */ = {isa = PBXFileReference; fileEncoding = 4; lastKnownFileType = sourcecode.swift; path = UIColorExtension.swift; sourceTree = "<group>"; };
		464A7C191B52A28900F3CB5E /* UIStoryboardExtension.swift */ = {isa = PBXFileReference; fileEncoding = 4; lastKnownFileType = sourcecode.swift; path = UIStoryboardExtension.swift; sourceTree = "<group>"; };
		464A7C1A1B52A28900F3CB5E /* UIViewExtension.swift */ = {isa = PBXFileReference; fileEncoding = 4; lastKnownFileType = sourcecode.swift; path = UIViewExtension.swift; sourceTree = "<group>"; };
		464A7C1E1B52A29C00F3CB5E /* StringExtension.swift */ = {isa = PBXFileReference; fileEncoding = 4; lastKnownFileType = sourcecode.swift; path = StringExtension.swift; sourceTree = "<group>"; };
		464A7C201B52A29F00F3CB5E /* JSONExtension.swift */ = {isa = PBXFileReference; fileEncoding = 4; lastKnownFileType = sourcecode.swift; path = JSONExtension.swift; sourceTree = "<group>"; };
		464A7C221B52A2A300F3CB5E /* CLLocationExtension.swift */ = {isa = PBXFileReference; fileEncoding = 4; lastKnownFileType = sourcecode.swift; path = CLLocationExtension.swift; sourceTree = "<group>"; };
		467F4DC11B51CCAD0010BE02 /* Knit.app */ = {isa = PBXFileReference; explicitFileType = wrapper.application; includeInIndex = 0; path = Knit.app; sourceTree = BUILT_PRODUCTS_DIR; };
		46869CE91B52A76D00FF99BF /* FontBlaster.swift */ = {isa = PBXFileReference; fileEncoding = 4; lastKnownFileType = sourcecode.swift; name = FontBlaster.swift; path = Carthage/Checkouts/FontBlaster/FontBlaster/FontBlaster.swift; sourceTree = "<group>"; };
		46869CEE1B52A92000FF99BF /* FriendMasterViewController.swift */ = {isa = PBXFileReference; fileEncoding = 4; lastKnownFileType = sourcecode.swift; path = FriendMasterViewController.swift; sourceTree = "<group>"; };
		46869CF11B52AA8700FF99BF /* Knit-Bridging-Header.h */ = {isa = PBXFileReference; lastKnownFileType = sourcecode.c.h; name = "Knit-Bridging-Header.h"; path = "Knit/Knit-Bridging-Header.h"; sourceTree = "<group>"; };
		46B688EA1B526AD100C22C4F /* JSQMessagesAssets.bundle */ = {isa = PBXFileReference; lastKnownFileType = "wrapper.plug-in"; path = JSQMessagesAssets.bundle; sourceTree = "<group>"; };
		46B688EC1B526AD100C22C4F /* JSQSystemSoundPlayer+JSQMessages.h */ = {isa = PBXFileReference; fileEncoding = 4; lastKnownFileType = sourcecode.c.h; path = "JSQSystemSoundPlayer+JSQMessages.h"; sourceTree = "<group>"; };
		46B688ED1B526AD100C22C4F /* JSQSystemSoundPlayer+JSQMessages.m */ = {isa = PBXFileReference; fileEncoding = 4; lastKnownFileType = sourcecode.c.objc; path = "JSQSystemSoundPlayer+JSQMessages.m"; sourceTree = "<group>"; };
		46B688EE1B526AD100C22C4F /* NSBundle+JSQMessages.h */ = {isa = PBXFileReference; fileEncoding = 4; lastKnownFileType = sourcecode.c.h; path = "NSBundle+JSQMessages.h"; sourceTree = "<group>"; };
		46B688EF1B526AD100C22C4F /* NSBundle+JSQMessages.m */ = {isa = PBXFileReference; fileEncoding = 4; lastKnownFileType = sourcecode.c.objc; path = "NSBundle+JSQMessages.m"; sourceTree = "<group>"; };
		46B688F01B526AD100C22C4F /* NSString+JSQMessages.h */ = {isa = PBXFileReference; fileEncoding = 4; lastKnownFileType = sourcecode.c.h; path = "NSString+JSQMessages.h"; sourceTree = "<group>"; };
		46B688F11B526AD100C22C4F /* NSString+JSQMessages.m */ = {isa = PBXFileReference; fileEncoding = 4; lastKnownFileType = sourcecode.c.objc; path = "NSString+JSQMessages.m"; sourceTree = "<group>"; };
		46B688F21B526AD100C22C4F /* UIColor+JSQMessages.h */ = {isa = PBXFileReference; fileEncoding = 4; lastKnownFileType = sourcecode.c.h; path = "UIColor+JSQMessages.h"; sourceTree = "<group>"; };
		46B688F31B526AD100C22C4F /* UIColor+JSQMessages.m */ = {isa = PBXFileReference; fileEncoding = 4; lastKnownFileType = sourcecode.c.objc; path = "UIColor+JSQMessages.m"; sourceTree = "<group>"; };
		46B688F41B526AD100C22C4F /* UIDevice+JSQMessages.h */ = {isa = PBXFileReference; fileEncoding = 4; lastKnownFileType = sourcecode.c.h; path = "UIDevice+JSQMessages.h"; sourceTree = "<group>"; };
		46B688F51B526AD100C22C4F /* UIDevice+JSQMessages.m */ = {isa = PBXFileReference; fileEncoding = 4; lastKnownFileType = sourcecode.c.objc; path = "UIDevice+JSQMessages.m"; sourceTree = "<group>"; };
		46B688F61B526AD100C22C4F /* UIImage+JSQMessages.h */ = {isa = PBXFileReference; fileEncoding = 4; lastKnownFileType = sourcecode.c.h; path = "UIImage+JSQMessages.h"; sourceTree = "<group>"; };
		46B688F71B526AD100C22C4F /* UIImage+JSQMessages.m */ = {isa = PBXFileReference; fileEncoding = 4; lastKnownFileType = sourcecode.c.objc; path = "UIImage+JSQMessages.m"; sourceTree = "<group>"; };
		46B688F81B526AD100C22C4F /* UIView+JSQMessages.h */ = {isa = PBXFileReference; fileEncoding = 4; lastKnownFileType = sourcecode.c.h; path = "UIView+JSQMessages.h"; sourceTree = "<group>"; };
		46B688F91B526AD100C22C4F /* UIView+JSQMessages.m */ = {isa = PBXFileReference; fileEncoding = 4; lastKnownFileType = sourcecode.c.objc; path = "UIView+JSQMessages.m"; sourceTree = "<group>"; };
		46B688FB1B526AD100C22C4F /* JSQMessagesKeyboardController.h */ = {isa = PBXFileReference; fileEncoding = 4; lastKnownFileType = sourcecode.c.h; path = JSQMessagesKeyboardController.h; sourceTree = "<group>"; };
		46B688FC1B526AD100C22C4F /* JSQMessagesKeyboardController.m */ = {isa = PBXFileReference; fileEncoding = 4; lastKnownFileType = sourcecode.c.objc; path = JSQMessagesKeyboardController.m; sourceTree = "<group>"; };
		46B688FD1B526AD100C22C4F /* JSQMessagesViewController.h */ = {isa = PBXFileReference; fileEncoding = 4; lastKnownFileType = sourcecode.c.h; path = JSQMessagesViewController.h; sourceTree = "<group>"; };
		46B688FE1B526AD100C22C4F /* JSQMessagesViewController.m */ = {isa = PBXFileReference; fileEncoding = 4; lastKnownFileType = sourcecode.c.objc; path = JSQMessagesViewController.m; sourceTree = "<group>"; };
		46B688FF1B526AD100C22C4F /* JSQMessagesViewController.xib */ = {isa = PBXFileReference; fileEncoding = 4; lastKnownFileType = file.xib; path = JSQMessagesViewController.xib; sourceTree = "<group>"; };
		46B689011B526AD100C22C4F /* JSQMessagesAvatarImageFactory.h */ = {isa = PBXFileReference; fileEncoding = 4; lastKnownFileType = sourcecode.c.h; path = JSQMessagesAvatarImageFactory.h; sourceTree = "<group>"; };
		46B689021B526AD100C22C4F /* JSQMessagesAvatarImageFactory.m */ = {isa = PBXFileReference; fileEncoding = 4; lastKnownFileType = sourcecode.c.objc; path = JSQMessagesAvatarImageFactory.m; sourceTree = "<group>"; };
		46B689031B526AD100C22C4F /* JSQMessagesBubbleImageFactory.h */ = {isa = PBXFileReference; fileEncoding = 4; lastKnownFileType = sourcecode.c.h; path = JSQMessagesBubbleImageFactory.h; sourceTree = "<group>"; };
		46B689041B526AD100C22C4F /* JSQMessagesBubbleImageFactory.m */ = {isa = PBXFileReference; fileEncoding = 4; lastKnownFileType = sourcecode.c.objc; path = JSQMessagesBubbleImageFactory.m; sourceTree = "<group>"; };
		46B689051B526AD100C22C4F /* JSQMessagesMediaViewBubbleImageMasker.h */ = {isa = PBXFileReference; fileEncoding = 4; lastKnownFileType = sourcecode.c.h; path = JSQMessagesMediaViewBubbleImageMasker.h; sourceTree = "<group>"; };
		46B689061B526AD100C22C4F /* JSQMessagesMediaViewBubbleImageMasker.m */ = {isa = PBXFileReference; fileEncoding = 4; lastKnownFileType = sourcecode.c.objc; path = JSQMessagesMediaViewBubbleImageMasker.m; sourceTree = "<group>"; };
		46B689071B526AD100C22C4F /* JSQMessagesTimestampFormatter.h */ = {isa = PBXFileReference; fileEncoding = 4; lastKnownFileType = sourcecode.c.h; path = JSQMessagesTimestampFormatter.h; sourceTree = "<group>"; };
		46B689081B526AD100C22C4F /* JSQMessagesTimestampFormatter.m */ = {isa = PBXFileReference; fileEncoding = 4; lastKnownFileType = sourcecode.c.objc; path = JSQMessagesTimestampFormatter.m; sourceTree = "<group>"; };
		46B689091B526AD100C22C4F /* JSQMessagesToolbarButtonFactory.h */ = {isa = PBXFileReference; fileEncoding = 4; lastKnownFileType = sourcecode.c.h; path = JSQMessagesToolbarButtonFactory.h; sourceTree = "<group>"; };
		46B6890A1B526AD100C22C4F /* JSQMessagesToolbarButtonFactory.m */ = {isa = PBXFileReference; fileEncoding = 4; lastKnownFileType = sourcecode.c.objc; path = JSQMessagesToolbarButtonFactory.m; sourceTree = "<group>"; };
		46B6890B1B526AD100C22C4F /* JSQMessages.h */ = {isa = PBXFileReference; fileEncoding = 4; lastKnownFileType = sourcecode.c.h; path = JSQMessages.h; sourceTree = "<group>"; };
		46B6890D1B526AD100C22C4F /* JSQMessagesCollectionViewFlowLayout.h */ = {isa = PBXFileReference; fileEncoding = 4; lastKnownFileType = sourcecode.c.h; path = JSQMessagesCollectionViewFlowLayout.h; sourceTree = "<group>"; };
		46B6890E1B526AD100C22C4F /* JSQMessagesCollectionViewFlowLayout.m */ = {isa = PBXFileReference; fileEncoding = 4; lastKnownFileType = sourcecode.c.objc; path = JSQMessagesCollectionViewFlowLayout.m; sourceTree = "<group>"; };
		46B6890F1B526AD100C22C4F /* JSQMessagesCollectionViewFlowLayoutInvalidationContext.h */ = {isa = PBXFileReference; fileEncoding = 4; lastKnownFileType = sourcecode.c.h; path = JSQMessagesCollectionViewFlowLayoutInvalidationContext.h; sourceTree = "<group>"; };
		46B689101B526AD100C22C4F /* JSQMessagesCollectionViewFlowLayoutInvalidationContext.m */ = {isa = PBXFileReference; fileEncoding = 4; lastKnownFileType = sourcecode.c.objc; path = JSQMessagesCollectionViewFlowLayoutInvalidationContext.m; sourceTree = "<group>"; };
		46B689111B526AD100C22C4F /* JSQMessagesCollectionViewLayoutAttributes.h */ = {isa = PBXFileReference; fileEncoding = 4; lastKnownFileType = sourcecode.c.h; path = JSQMessagesCollectionViewLayoutAttributes.h; sourceTree = "<group>"; };
		46B689121B526AD100C22C4F /* JSQMessagesCollectionViewLayoutAttributes.m */ = {isa = PBXFileReference; fileEncoding = 4; lastKnownFileType = sourcecode.c.objc; path = JSQMessagesCollectionViewLayoutAttributes.m; sourceTree = "<group>"; };
		46B689141B526AD100C22C4F /* JSQLocationMediaItem.h */ = {isa = PBXFileReference; fileEncoding = 4; lastKnownFileType = sourcecode.c.h; path = JSQLocationMediaItem.h; sourceTree = "<group>"; };
		46B689151B526AD100C22C4F /* JSQLocationMediaItem.m */ = {isa = PBXFileReference; fileEncoding = 4; lastKnownFileType = sourcecode.c.objc; path = JSQLocationMediaItem.m; sourceTree = "<group>"; };
		46B689161B526AD100C22C4F /* JSQMediaItem.h */ = {isa = PBXFileReference; fileEncoding = 4; lastKnownFileType = sourcecode.c.h; path = JSQMediaItem.h; sourceTree = "<group>"; };
		46B689171B526AD100C22C4F /* JSQMediaItem.m */ = {isa = PBXFileReference; fileEncoding = 4; lastKnownFileType = sourcecode.c.objc; path = JSQMediaItem.m; sourceTree = "<group>"; };
		46B689181B526AD100C22C4F /* JSQMessage.h */ = {isa = PBXFileReference; fileEncoding = 4; lastKnownFileType = sourcecode.c.h; path = JSQMessage.h; sourceTree = "<group>"; };
		46B689191B526AD100C22C4F /* JSQMessage.m */ = {isa = PBXFileReference; fileEncoding = 4; lastKnownFileType = sourcecode.c.objc; path = JSQMessage.m; sourceTree = "<group>"; };
		46B6891A1B526AD100C22C4F /* JSQMessageAvatarImageDataSource.h */ = {isa = PBXFileReference; fileEncoding = 4; lastKnownFileType = sourcecode.c.h; path = JSQMessageAvatarImageDataSource.h; sourceTree = "<group>"; };
		46B6891B1B526AD100C22C4F /* JSQMessageBubbleImageDataSource.h */ = {isa = PBXFileReference; fileEncoding = 4; lastKnownFileType = sourcecode.c.h; path = JSQMessageBubbleImageDataSource.h; sourceTree = "<group>"; };
		46B6891C1B526AD100C22C4F /* JSQMessageData.h */ = {isa = PBXFileReference; fileEncoding = 4; lastKnownFileType = sourcecode.c.h; path = JSQMessageData.h; sourceTree = "<group>"; };
		46B6891D1B526AD100C22C4F /* JSQMessageMediaData.h */ = {isa = PBXFileReference; fileEncoding = 4; lastKnownFileType = sourcecode.c.h; path = JSQMessageMediaData.h; sourceTree = "<group>"; };
		46B6891E1B526AD100C22C4F /* JSQMessagesAvatarImage.h */ = {isa = PBXFileReference; fileEncoding = 4; lastKnownFileType = sourcecode.c.h; path = JSQMessagesAvatarImage.h; sourceTree = "<group>"; };
		46B6891F1B526AD100C22C4F /* JSQMessagesAvatarImage.m */ = {isa = PBXFileReference; fileEncoding = 4; lastKnownFileType = sourcecode.c.objc; path = JSQMessagesAvatarImage.m; sourceTree = "<group>"; };
		46B689201B526AD100C22C4F /* JSQMessagesBubbleImage.h */ = {isa = PBXFileReference; fileEncoding = 4; lastKnownFileType = sourcecode.c.h; path = JSQMessagesBubbleImage.h; sourceTree = "<group>"; };
		46B689211B526AD100C22C4F /* JSQMessagesBubbleImage.m */ = {isa = PBXFileReference; fileEncoding = 4; lastKnownFileType = sourcecode.c.objc; path = JSQMessagesBubbleImage.m; sourceTree = "<group>"; };
		46B689221B526AD100C22C4F /* JSQMessagesCollectionViewDataSource.h */ = {isa = PBXFileReference; fileEncoding = 4; lastKnownFileType = sourcecode.c.h; path = JSQMessagesCollectionViewDataSource.h; sourceTree = "<group>"; };
		46B689231B526AD100C22C4F /* JSQMessagesCollectionViewDelegateFlowLayout.h */ = {isa = PBXFileReference; fileEncoding = 4; lastKnownFileType = sourcecode.c.h; path = JSQMessagesCollectionViewDelegateFlowLayout.h; sourceTree = "<group>"; };
		46B689241B526AD100C22C4F /* JSQPhotoMediaItem.h */ = {isa = PBXFileReference; fileEncoding = 4; lastKnownFileType = sourcecode.c.h; path = JSQPhotoMediaItem.h; sourceTree = "<group>"; };
		46B689251B526AD100C22C4F /* JSQPhotoMediaItem.m */ = {isa = PBXFileReference; fileEncoding = 4; lastKnownFileType = sourcecode.c.objc; path = JSQPhotoMediaItem.m; sourceTree = "<group>"; };
		46B689261B526AD100C22C4F /* JSQVideoMediaItem.h */ = {isa = PBXFileReference; fileEncoding = 4; lastKnownFileType = sourcecode.c.h; path = JSQVideoMediaItem.h; sourceTree = "<group>"; };
		46B689271B526AD100C22C4F /* JSQVideoMediaItem.m */ = {isa = PBXFileReference; fileEncoding = 4; lastKnownFileType = sourcecode.c.objc; path = JSQVideoMediaItem.m; sourceTree = "<group>"; };
		46B689291B526AD200C22C4F /* JSQMessagesCellTextView.h */ = {isa = PBXFileReference; fileEncoding = 4; lastKnownFileType = sourcecode.c.h; path = JSQMessagesCellTextView.h; sourceTree = "<group>"; };
		46B6892A1B526AD200C22C4F /* JSQMessagesCellTextView.m */ = {isa = PBXFileReference; fileEncoding = 4; lastKnownFileType = sourcecode.c.objc; path = JSQMessagesCellTextView.m; sourceTree = "<group>"; };
		46B6892B1B526AD200C22C4F /* JSQMessagesCollectionView.h */ = {isa = PBXFileReference; fileEncoding = 4; lastKnownFileType = sourcecode.c.h; path = JSQMessagesCollectionView.h; sourceTree = "<group>"; };
		46B6892C1B526AD200C22C4F /* JSQMessagesCollectionView.m */ = {isa = PBXFileReference; fileEncoding = 4; lastKnownFileType = sourcecode.c.objc; path = JSQMessagesCollectionView.m; sourceTree = "<group>"; };
		46B6892D1B526AD200C22C4F /* JSQMessagesCollectionViewCell.h */ = {isa = PBXFileReference; fileEncoding = 4; lastKnownFileType = sourcecode.c.h; path = JSQMessagesCollectionViewCell.h; sourceTree = "<group>"; };
		46B6892E1B526AD200C22C4F /* JSQMessagesCollectionViewCell.m */ = {isa = PBXFileReference; fileEncoding = 4; lastKnownFileType = sourcecode.c.objc; path = JSQMessagesCollectionViewCell.m; sourceTree = "<group>"; };
		46B6892F1B526AD200C22C4F /* JSQMessagesCollectionViewCellIncoming.h */ = {isa = PBXFileReference; fileEncoding = 4; lastKnownFileType = sourcecode.c.h; path = JSQMessagesCollectionViewCellIncoming.h; sourceTree = "<group>"; };
		46B689301B526AD200C22C4F /* JSQMessagesCollectionViewCellIncoming.m */ = {isa = PBXFileReference; fileEncoding = 4; lastKnownFileType = sourcecode.c.objc; path = JSQMessagesCollectionViewCellIncoming.m; sourceTree = "<group>"; };
		46B689311B526AD200C22C4F /* JSQMessagesCollectionViewCellIncoming.xib */ = {isa = PBXFileReference; fileEncoding = 4; lastKnownFileType = file.xib; path = JSQMessagesCollectionViewCellIncoming.xib; sourceTree = "<group>"; };
		46B689321B526AD200C22C4F /* JSQMessagesCollectionViewCellOutgoing.h */ = {isa = PBXFileReference; fileEncoding = 4; lastKnownFileType = sourcecode.c.h; path = JSQMessagesCollectionViewCellOutgoing.h; sourceTree = "<group>"; };
		46B689331B526AD200C22C4F /* JSQMessagesCollectionViewCellOutgoing.m */ = {isa = PBXFileReference; fileEncoding = 4; lastKnownFileType = sourcecode.c.objc; path = JSQMessagesCollectionViewCellOutgoing.m; sourceTree = "<group>"; };
		46B689341B526AD200C22C4F /* JSQMessagesCollectionViewCellOutgoing.xib */ = {isa = PBXFileReference; fileEncoding = 4; lastKnownFileType = file.xib; path = JSQMessagesCollectionViewCellOutgoing.xib; sourceTree = "<group>"; };
		46B689351B526AD200C22C4F /* JSQMessagesComposerTextView.h */ = {isa = PBXFileReference; fileEncoding = 4; lastKnownFileType = sourcecode.c.h; path = JSQMessagesComposerTextView.h; sourceTree = "<group>"; };
		46B689361B526AD200C22C4F /* JSQMessagesComposerTextView.m */ = {isa = PBXFileReference; fileEncoding = 4; lastKnownFileType = sourcecode.c.objc; path = JSQMessagesComposerTextView.m; sourceTree = "<group>"; };
		46B689371B526AD200C22C4F /* JSQMessagesInputToolbar.h */ = {isa = PBXFileReference; fileEncoding = 4; lastKnownFileType = sourcecode.c.h; path = JSQMessagesInputToolbar.h; sourceTree = "<group>"; };
		46B689381B526AD200C22C4F /* JSQMessagesInputToolbar.m */ = {isa = PBXFileReference; fileEncoding = 4; lastKnownFileType = sourcecode.c.objc; path = JSQMessagesInputToolbar.m; sourceTree = "<group>"; };
		46B689391B526AD200C22C4F /* JSQMessagesLabel.h */ = {isa = PBXFileReference; fileEncoding = 4; lastKnownFileType = sourcecode.c.h; path = JSQMessagesLabel.h; sourceTree = "<group>"; };
		46B6893A1B526AD200C22C4F /* JSQMessagesLabel.m */ = {isa = PBXFileReference; fileEncoding = 4; lastKnownFileType = sourcecode.c.objc; path = JSQMessagesLabel.m; sourceTree = "<group>"; };
		46B6893B1B526AD200C22C4F /* JSQMessagesLoadEarlierHeaderView.h */ = {isa = PBXFileReference; fileEncoding = 4; lastKnownFileType = sourcecode.c.h; path = JSQMessagesLoadEarlierHeaderView.h; sourceTree = "<group>"; };
		46B6893C1B526AD200C22C4F /* JSQMessagesLoadEarlierHeaderView.m */ = {isa = PBXFileReference; fileEncoding = 4; lastKnownFileType = sourcecode.c.objc; path = JSQMessagesLoadEarlierHeaderView.m; sourceTree = "<group>"; };
		46B6893D1B526AD200C22C4F /* JSQMessagesLoadEarlierHeaderView.xib */ = {isa = PBXFileReference; fileEncoding = 4; lastKnownFileType = file.xib; path = JSQMessagesLoadEarlierHeaderView.xib; sourceTree = "<group>"; };
		46B6893E1B526AD200C22C4F /* JSQMessagesMediaPlaceholderView.h */ = {isa = PBXFileReference; fileEncoding = 4; lastKnownFileType = sourcecode.c.h; path = JSQMessagesMediaPlaceholderView.h; sourceTree = "<group>"; };
		46B6893F1B526AD200C22C4F /* JSQMessagesMediaPlaceholderView.m */ = {isa = PBXFileReference; fileEncoding = 4; lastKnownFileType = sourcecode.c.objc; path = JSQMessagesMediaPlaceholderView.m; sourceTree = "<group>"; };
		46B689401B526AD200C22C4F /* JSQMessagesToolbarContentView.h */ = {isa = PBXFileReference; fileEncoding = 4; lastKnownFileType = sourcecode.c.h; path = JSQMessagesToolbarContentView.h; sourceTree = "<group>"; };
		46B689411B526AD200C22C4F /* JSQMessagesToolbarContentView.m */ = {isa = PBXFileReference; fileEncoding = 4; lastKnownFileType = sourcecode.c.objc; path = JSQMessagesToolbarContentView.m; sourceTree = "<group>"; };
		46B689421B526AD200C22C4F /* JSQMessagesToolbarContentView.xib */ = {isa = PBXFileReference; fileEncoding = 4; lastKnownFileType = file.xib; path = JSQMessagesToolbarContentView.xib; sourceTree = "<group>"; };
		46B689431B526AD200C22C4F /* JSQMessagesTypingIndicatorFooterView.h */ = {isa = PBXFileReference; fileEncoding = 4; lastKnownFileType = sourcecode.c.h; path = JSQMessagesTypingIndicatorFooterView.h; sourceTree = "<group>"; };
		46B689441B526AD200C22C4F /* JSQMessagesTypingIndicatorFooterView.m */ = {isa = PBXFileReference; fileEncoding = 4; lastKnownFileType = sourcecode.c.objc; path = JSQMessagesTypingIndicatorFooterView.m; sourceTree = "<group>"; };
		46B689451B526AD200C22C4F /* JSQMessagesTypingIndicatorFooterView.xib */ = {isa = PBXFileReference; fileEncoding = 4; lastKnownFileType = file.xib; path = JSQMessagesTypingIndicatorFooterView.xib; sourceTree = "<group>"; };
		46B689B61B526B1400C22C4F /* Info.plist */ = {isa = PBXFileReference; fileEncoding = 4; lastKnownFileType = text.plist.xml; path = Info.plist; sourceTree = "<group>"; };
		46B689B71B526B1400C22C4F /* JSQSystemSoundPlayer.h */ = {isa = PBXFileReference; fileEncoding = 4; lastKnownFileType = sourcecode.c.h; path = JSQSystemSoundPlayer.h; sourceTree = "<group>"; };
		46B689B81B526B1400C22C4F /* JSQSystemSoundPlayer.m */ = {isa = PBXFileReference; fileEncoding = 4; lastKnownFileType = sourcecode.c.objc; path = JSQSystemSoundPlayer.m; sourceTree = "<group>"; };
		46D96DBA1B51F20400701D69 /* MBPullDownController.h */ = {isa = PBXFileReference; fileEncoding = 4; lastKnownFileType = sourcecode.c.h; path = MBPullDownController.h; sourceTree = "<group>"; };
		46D96DBB1B51F20400701D69 /* MBPullDownController.m */ = {isa = PBXFileReference; fileEncoding = 4; lastKnownFileType = sourcecode.c.objc; path = MBPullDownController.m; sourceTree = "<group>"; };
		46D96DD31B5209E100701D69 /* Toucan.framework */ = {isa = PBXFileReference; lastKnownFileType = wrapper.framework; name = Toucan.framework; path = Carthage/Build/iOS/Toucan.framework; sourceTree = SOURCE_ROOT; };
		46FEE92B1B51CF4F00DA441E /* MapKit.framework */ = {isa = PBXFileReference; lastKnownFileType = wrapper.framework; name = MapKit.framework; path = System/Library/Frameworks/MapKit.framework; sourceTree = SDKROOT; };
		46FEE92D1B51CF5300DA441E /* CoreLocation.framework */ = {isa = PBXFileReference; lastKnownFileType = wrapper.framework; name = CoreLocation.framework; path = System/Library/Frameworks/CoreLocation.framework; sourceTree = SDKROOT; };
/* End PBXFileReference section */

/* Begin PBXFrameworksBuildPhase section */
		467F4DBE1B51CCAD0010BE02 /* Frameworks */ = {
			isa = PBXFrameworksBuildPhase;
			buildActionMask = 2147483647;
			files = (
				46FEE92E1B51CF5300DA441E /* CoreLocation.framework in Frameworks */,
				46FEE92C1B51CF4F00DA441E /* MapKit.framework in Frameworks */,
			);
			runOnlyForDeploymentPostprocessing = 0;
		};
/* End PBXFrameworksBuildPhase section */

/* Begin PBXGroup section */
		467F4DB81B51CCAD0010BE02 = {
			isa = PBXGroup;
			children = (
				467F4DC31B51CCAD0010BE02 /* Knit */,
				46869CF11B52AA8700FF99BF /* Knit-Bridging-Header.h */,
				467F4DC21B51CCAD0010BE02 /* Products */,
				46FEE92F1B51CF5800DA441E /* Libraries */,
			);
			sourceTree = "<group>";
		};
		467F4DC21B51CCAD0010BE02 /* Products */ = {
			isa = PBXGroup;
			children = (
				467F4DC11B51CCAD0010BE02 /* Knit.app */,
			);
			name = Products;
			sourceTree = "<group>";
		};
		467F4DC31B51CCAD0010BE02 /* Knit */ = {
			isa = PBXGroup;
			children = (
				464A7BDC1B52A15F00F3CB5E /* AppDelegate.swift */,
				467F4DD81B51CCF30010BE02 /* Views */,
				46E9AE421B51D7E4007D0820 /* Models */,
				467F4DD91B51CCF80010BE02 /* Resources */,
				467F4DDA1B51CCFC0010BE02 /* Supporting Files */,
			);
			path = Knit;
			sourceTree = "<group>";
		};
		467F4DD81B51CCF30010BE02 /* Views */ = {
			isa = PBXGroup;
			children = (
				464A7BE41B52A1E900F3CB5E /* Main.storyboard */,
				464A7BE71B52A1F300F3CB5E /* MasterViewController.swift */,
				46869CEE1B52A92000FF99BF /* FriendMasterViewController.swift */,
				46869CED1B52A90B00FF99BF /* Messaging */,
				46869CEC1B52A8F300FF99BF /* Friend List */,
				46D96DBF1B51F22500701D69 /* Map */,
			);
			path = Views;
			sourceTree = "<group>";
		};
		467F4DD91B51CCF80010BE02 /* Resources */ = {
			isa = PBXGroup;
			children = (
				464A7C031B52A25000F3CB5E /* Assets.xcassets */,
				464A7C051B52A25600F3CB5E /* LaunchScreen.storyboard */,
				464A7BFB1B52A23A00F3CB5E /* headers.json */,
				464A7BFC1B52A23A00F3CB5E /* users.json */,
				46D96DE21B520ED800701D69 /* Fonts */,
			);
			path = Resources;
			sourceTree = "<group>";
		};
		467F4DDA1B51CCFC0010BE02 /* Supporting Files */ = {
			isa = PBXGroup;
			children = (
				464A7C081B52A26000F3CB5E /* Info.plist */,
				464A7C0A1B52A26400F3CB5E /* API.swift */,
				464A7C0C1B52A26900F3CB5E /* Location.swift */,
				464A7C0E1B52A27500F3CB5E /* ColorDefines.swift */,
				464A7C0F1B52A27500F3CB5E /* ImageDefines.swift */,
				464A7C101B52A27500F3CB5E /* SegueDefines.swift */,
				467F4DE51B51CD690010BE02 /* Extensions */,
			);
			path = "Supporting Files";
			sourceTree = "<group>";
		};
		467F4DE51B51CD690010BE02 /* Extensions */ = {
			isa = PBXGroup;
			children = (
				464A7C141B52A28300F3CB5E /* NSNotificationCenterHelper.swift */,
				464A7C151B52A28300F3CB5E /* NSUserDefaultHelper.swift */,
				464A7C181B52A28900F3CB5E /* UIColorExtension.swift */,
				464A7C191B52A28900F3CB5E /* UIStoryboardExtension.swift */,
				464A7C1A1B52A28900F3CB5E /* UIViewExtension.swift */,
				464A7C201B52A29F00F3CB5E /* JSONExtension.swift */,
				464A7C1E1B52A29C00F3CB5E /* StringExtension.swift */,
				464A7C221B52A2A300F3CB5E /* CLLocationExtension.swift */,
			);
			path = Extensions;
			sourceTree = "<group>";
		};
		46869CEB1B52A8E000FF99BF /* Annotations */ = {
			isa = PBXGroup;
			children = (
				464A7BED1B52A21A00F3CB5E /* AvatarAnnotation.swift */,
				464A7BEE1B52A21A00F3CB5E /* AvatarAnnotationView.swift */,
			);
			path = Annotations;
			sourceTree = "<group>";
		};
		46869CEC1B52A8F300FF99BF /* Friend List */ = {
			isa = PBXGroup;
			children = (
				464A7BF11B52A21A00F3CB5E /* FriendListViewController.swift */,
				464A7BF21B52A21A00F3CB5E /* FriendTableViewCell.swift */,
				464A7BEF1B52A21A00F3CB5E /* FriendListSectionHeaderView.swift */,
				464A7BF01B52A21A00F3CB5E /* FriendListSectionHeaderView.xib */,
				464A7BF91B52A22700F3CB5E /* InsetLabel.swift */,
			);
			path = "Friend List";
			sourceTree = "<group>";
		};
		46869CED1B52A90B00FF99BF /* Messaging */ = {
			isa = PBXGroup;
			children = (
				464A7BE91B52A20200F3CB5E /* MessageViewController.swift */,
			);
			path = Messaging;
			sourceTree = "<group>";
		};
		46B688E81B526AD100C22C4F /* JSQMessagesViewController */ = {
			isa = PBXGroup;
			children = (
				46B688E91B526AD100C22C4F /* Assets */,
				46B688EB1B526AD100C22C4F /* Categories */,
				46B688FA1B526AD100C22C4F /* Controllers */,
				46B689001B526AD100C22C4F /* Factories */,
				46B6890B1B526AD100C22C4F /* JSQMessages.h */,
				46B6890C1B526AD100C22C4F /* Layout */,
				46B689131B526AD100C22C4F /* Model */,
				46B689281B526AD200C22C4F /* Views */,
			);
			name = JSQMessagesViewController;
			path = Carthage/Checkouts/JSQMessagesViewController/JSQMessagesViewController;
			sourceTree = "<group>";
		};
		46B688E91B526AD100C22C4F /* Assets */ = {
			isa = PBXGroup;
			children = (
				46B688EA1B526AD100C22C4F /* JSQMessagesAssets.bundle */,
			);
			path = Assets;
			sourceTree = "<group>";
		};
		46B688EB1B526AD100C22C4F /* Categories */ = {
			isa = PBXGroup;
			children = (
				46B688EC1B526AD100C22C4F /* JSQSystemSoundPlayer+JSQMessages.h */,
				46B688ED1B526AD100C22C4F /* JSQSystemSoundPlayer+JSQMessages.m */,
				46B688EE1B526AD100C22C4F /* NSBundle+JSQMessages.h */,
				46B688EF1B526AD100C22C4F /* NSBundle+JSQMessages.m */,
				46B688F01B526AD100C22C4F /* NSString+JSQMessages.h */,
				46B688F11B526AD100C22C4F /* NSString+JSQMessages.m */,
				46B688F21B526AD100C22C4F /* UIColor+JSQMessages.h */,
				46B688F31B526AD100C22C4F /* UIColor+JSQMessages.m */,
				46B688F41B526AD100C22C4F /* UIDevice+JSQMessages.h */,
				46B688F51B526AD100C22C4F /* UIDevice+JSQMessages.m */,
				46B688F61B526AD100C22C4F /* UIImage+JSQMessages.h */,
				46B688F71B526AD100C22C4F /* UIImage+JSQMessages.m */,
				46B688F81B526AD100C22C4F /* UIView+JSQMessages.h */,
				46B688F91B526AD100C22C4F /* UIView+JSQMessages.m */,
			);
			path = Categories;
			sourceTree = "<group>";
		};
		46B688FA1B526AD100C22C4F /* Controllers */ = {
			isa = PBXGroup;
			children = (
				46B688FB1B526AD100C22C4F /* JSQMessagesKeyboardController.h */,
				46B688FC1B526AD100C22C4F /* JSQMessagesKeyboardController.m */,
				46B688FD1B526AD100C22C4F /* JSQMessagesViewController.h */,
				46B688FE1B526AD100C22C4F /* JSQMessagesViewController.m */,
				46B688FF1B526AD100C22C4F /* JSQMessagesViewController.xib */,
			);
			path = Controllers;
			sourceTree = "<group>";
		};
		46B689001B526AD100C22C4F /* Factories */ = {
			isa = PBXGroup;
			children = (
				46B689011B526AD100C22C4F /* JSQMessagesAvatarImageFactory.h */,
				46B689021B526AD100C22C4F /* JSQMessagesAvatarImageFactory.m */,
				46B689031B526AD100C22C4F /* JSQMessagesBubbleImageFactory.h */,
				46B689041B526AD100C22C4F /* JSQMessagesBubbleImageFactory.m */,
				46B689051B526AD100C22C4F /* JSQMessagesMediaViewBubbleImageMasker.h */,
				46B689061B526AD100C22C4F /* JSQMessagesMediaViewBubbleImageMasker.m */,
				46B689071B526AD100C22C4F /* JSQMessagesTimestampFormatter.h */,
				46B689081B526AD100C22C4F /* JSQMessagesTimestampFormatter.m */,
				46B689091B526AD100C22C4F /* JSQMessagesToolbarButtonFactory.h */,
				46B6890A1B526AD100C22C4F /* JSQMessagesToolbarButtonFactory.m */,
			);
			path = Factories;
			sourceTree = "<group>";
		};
		46B6890C1B526AD100C22C4F /* Layout */ = {
			isa = PBXGroup;
			children = (
				46B6890D1B526AD100C22C4F /* JSQMessagesCollectionViewFlowLayout.h */,
				46B6890E1B526AD100C22C4F /* JSQMessagesCollectionViewFlowLayout.m */,
				46B6890F1B526AD100C22C4F /* JSQMessagesCollectionViewFlowLayoutInvalidationContext.h */,
				46B689101B526AD100C22C4F /* JSQMessagesCollectionViewFlowLayoutInvalidationContext.m */,
				46B689111B526AD100C22C4F /* JSQMessagesCollectionViewLayoutAttributes.h */,
				46B689121B526AD100C22C4F /* JSQMessagesCollectionViewLayoutAttributes.m */,
			);
			path = Layout;
			sourceTree = "<group>";
		};
		46B689131B526AD100C22C4F /* Model */ = {
			isa = PBXGroup;
			children = (
				46B689141B526AD100C22C4F /* JSQLocationMediaItem.h */,
				46B689151B526AD100C22C4F /* JSQLocationMediaItem.m */,
				46B689161B526AD100C22C4F /* JSQMediaItem.h */,
				46B689171B526AD100C22C4F /* JSQMediaItem.m */,
				46B689181B526AD100C22C4F /* JSQMessage.h */,
				46B689191B526AD100C22C4F /* JSQMessage.m */,
				46B6891A1B526AD100C22C4F /* JSQMessageAvatarImageDataSource.h */,
				46B6891B1B526AD100C22C4F /* JSQMessageBubbleImageDataSource.h */,
				46B6891C1B526AD100C22C4F /* JSQMessageData.h */,
				46B6891D1B526AD100C22C4F /* JSQMessageMediaData.h */,
				46B6891E1B526AD100C22C4F /* JSQMessagesAvatarImage.h */,
				46B6891F1B526AD100C22C4F /* JSQMessagesAvatarImage.m */,
				46B689201B526AD100C22C4F /* JSQMessagesBubbleImage.h */,
				46B689211B526AD100C22C4F /* JSQMessagesBubbleImage.m */,
				46B689221B526AD100C22C4F /* JSQMessagesCollectionViewDataSource.h */,
				46B689231B526AD100C22C4F /* JSQMessagesCollectionViewDelegateFlowLayout.h */,
				46B689241B526AD100C22C4F /* JSQPhotoMediaItem.h */,
				46B689251B526AD100C22C4F /* JSQPhotoMediaItem.m */,
				46B689261B526AD100C22C4F /* JSQVideoMediaItem.h */,
				46B689271B526AD100C22C4F /* JSQVideoMediaItem.m */,
			);
			path = Model;
			sourceTree = "<group>";
		};
		46B689281B526AD200C22C4F /* Views */ = {
			isa = PBXGroup;
			children = (
				46B689291B526AD200C22C4F /* JSQMessagesCellTextView.h */,
				46B6892A1B526AD200C22C4F /* JSQMessagesCellTextView.m */,
				46B6892B1B526AD200C22C4F /* JSQMessagesCollectionView.h */,
				46B6892C1B526AD200C22C4F /* JSQMessagesCollectionView.m */,
				46B6892D1B526AD200C22C4F /* JSQMessagesCollectionViewCell.h */,
				46B6892E1B526AD200C22C4F /* JSQMessagesCollectionViewCell.m */,
				46B6892F1B526AD200C22C4F /* JSQMessagesCollectionViewCellIncoming.h */,
				46B689301B526AD200C22C4F /* JSQMessagesCollectionViewCellIncoming.m */,
				46B689311B526AD200C22C4F /* JSQMessagesCollectionViewCellIncoming.xib */,
				46B689321B526AD200C22C4F /* JSQMessagesCollectionViewCellOutgoing.h */,
				46B689331B526AD200C22C4F /* JSQMessagesCollectionViewCellOutgoing.m */,
				46B689341B526AD200C22C4F /* JSQMessagesCollectionViewCellOutgoing.xib */,
				46B689351B526AD200C22C4F /* JSQMessagesComposerTextView.h */,
				46B689361B526AD200C22C4F /* JSQMessagesComposerTextView.m */,
				46B689371B526AD200C22C4F /* JSQMessagesInputToolbar.h */,
				46B689381B526AD200C22C4F /* JSQMessagesInputToolbar.m */,
				46B689391B526AD200C22C4F /* JSQMessagesLabel.h */,
				46B6893A1B526AD200C22C4F /* JSQMessagesLabel.m */,
				46B6893B1B526AD200C22C4F /* JSQMessagesLoadEarlierHeaderView.h */,
				46B6893C1B526AD200C22C4F /* JSQMessagesLoadEarlierHeaderView.m */,
				46B6893D1B526AD200C22C4F /* JSQMessagesLoadEarlierHeaderView.xib */,
				46B6893E1B526AD200C22C4F /* JSQMessagesMediaPlaceholderView.h */,
				46B6893F1B526AD200C22C4F /* JSQMessagesMediaPlaceholderView.m */,
				46B689401B526AD200C22C4F /* JSQMessagesToolbarContentView.h */,
				46B689411B526AD200C22C4F /* JSQMessagesToolbarContentView.m */,
				46B689421B526AD200C22C4F /* JSQMessagesToolbarContentView.xib */,
				46B689431B526AD200C22C4F /* JSQMessagesTypingIndicatorFooterView.h */,
				46B689441B526AD200C22C4F /* JSQMessagesTypingIndicatorFooterView.m */,
				46B689451B526AD200C22C4F /* JSQMessagesTypingIndicatorFooterView.xib */,
			);
			path = Views;
			sourceTree = "<group>";
		};
		46B689B51B526B1400C22C4F /* JSQSystemSoundPlayer */ = {
			isa = PBXGroup;
			children = (
				46B689B61B526B1400C22C4F /* Info.plist */,
				46B689B71B526B1400C22C4F /* JSQSystemSoundPlayer.h */,
				46B689B81B526B1400C22C4F /* JSQSystemSoundPlayer.m */,
			);
			name = JSQSystemSoundPlayer;
			path = Carthage/Checkouts/JSQSystemSoundPlayer/JSQSystemSoundPlayer/JSQSystemSoundPlayer;
			sourceTree = "<group>";
		};
		46D96DB91B51F20400701D69 /* MBPullDownController */ = {
			isa = PBXGroup;
			children = (
				46D96DBA1B51F20400701D69 /* MBPullDownController.h */,
				46D96DBB1B51F20400701D69 /* MBPullDownController.m */,
			);
			name = MBPullDownController;
			path = Carthage/Checkouts/MBPullDownController/MBPullDownController;
			sourceTree = "<group>";
		};
		46D96DBF1B51F22500701D69 /* Map */ = {
			isa = PBXGroup;
			children = (
				464A7BEB1B52A20A00F3CB5E /* MapViewController.swift */,
				46869CEB1B52A8E000FF99BF /* Annotations */,
			);
			path = Map;
			sourceTree = "<group>";
		};
		46D96DE21B520ED800701D69 /* Fonts */ = {
			isa = PBXGroup;
			children = (
				464A7BFF1B52A24700F3CB5E /* HUBERT JOCHAM Susa-Bold.otf */,
				464A7C001B52A24700F3CB5E /* Mark Simonson - Proxima Nova Bold.otf */,
				464A7C011B52A24700F3CB5E /* ProximaNova-Regular.otf */,
				464A7C021B52A24700F3CB5E /* ProximaNova-Semibold.otf */,
			);
			path = Fonts;
			sourceTree = "<group>";
		};
		46E9AE421B51D7E4007D0820 /* Models */ = {
			isa = PBXGroup;
			children = (
				464A7BDE1B52A16900F3CB5E /* User.swift */,
				464A7BE01B52A16E00F3CB5E /* Header.swift */,
				464A7BE21B52A17200F3CB5E /* Message.swift */,
			);
			path = Models;
			sourceTree = "<group>";
		};
		46FEE92F1B51CF5800DA441E /* Libraries */ = {
			isa = PBXGroup;
			children = (
				46869CE91B52A76D00FF99BF /* FontBlaster.swift */,
				46B689B51B526B1400C22C4F /* JSQSystemSoundPlayer */,
				46B688E81B526AD100C22C4F /* JSQMessagesViewController */,
				46D96DD31B5209E100701D69 /* Toucan.framework */,
				46D96DB91B51F20400701D69 /* MBPullDownController */,
				46FEE9301B51CF5E00DA441E /* Frameworks */,
			);
			name = Libraries;
			sourceTree = "<group>";
		};
		46FEE9301B51CF5E00DA441E /* Frameworks */ = {
			isa = PBXGroup;
			children = (
				46FEE92D1B51CF5300DA441E /* CoreLocation.framework */,
				46FEE92B1B51CF4F00DA441E /* MapKit.framework */,
			);
			name = Frameworks;
			sourceTree = "<group>";
		};
/* End PBXGroup section */

/* Begin PBXNativeTarget section */
		467F4DC01B51CCAD0010BE02 /* Knit */ = {
			isa = PBXNativeTarget;
			buildConfigurationList = 467F4DD31B51CCAD0010BE02 /* Build configuration list for PBXNativeTarget "Knit" */;
			buildPhases = (
				467F4DBD1B51CCAD0010BE02 /* Sources */,
				467F4DBE1B51CCAD0010BE02 /* Frameworks */,
				467F4DBF1B51CCAD0010BE02 /* Resources */,
				46D96DD71B520A5300701D69 /* Embed Frameworks */,
			);
			buildRules = (
			);
			dependencies = (
			);
			name = Knit;
			productName = "outside-hacks";
			productReference = 467F4DC11B51CCAD0010BE02 /* Knit.app */;
			productType = "com.apple.product-type.application";
		};
/* End PBXNativeTarget section */

/* Begin PBXProject section */
		467F4DB91B51CCAD0010BE02 /* Project object */ = {
			isa = PBXProject;
			attributes = {
				LastUpgradeCheck = 0700;
				ORGANIZATIONNAME = "Andrew Breckenridge";
				TargetAttributes = {
					467F4DC01B51CCAD0010BE02 = {
						CreatedOnToolsVersion = 7.0;
						DevelopmentTeam = 2X8HM5UJ6Y;
					};
				};
			};
			buildConfigurationList = 467F4DBC1B51CCAD0010BE02 /* Build configuration list for PBXProject "Knit" */;
			compatibilityVersion = "Xcode 3.2";
			developmentRegion = English;
			hasScannedForEncodings = 0;
			knownRegions = (
				en,
				Base,
			);
			mainGroup = 467F4DB81B51CCAD0010BE02;
			productRefGroup = 467F4DC21B51CCAD0010BE02 /* Products */;
			projectDirPath = "";
			projectRoot = "";
			targets = (
				467F4DC01B51CCAD0010BE02 /* Knit */,
			);
		};
/* End PBXProject section */

/* Begin PBXResourcesBuildPhase section */
		467F4DBF1B51CCAD0010BE02 /* Resources */ = {
			isa = PBXResourcesBuildPhase;
			buildActionMask = 2147483647;
			files = (
				46B689701B526AD200C22C4F /* JSQMessagesTypingIndicatorFooterView.xib in Resources */,
				46B689B91B526B1400C22C4F /* Info.plist in Resources */,
				46B6896E1B526AD200C22C4F /* JSQMessagesToolbarContentView.xib in Resources */,
				464A7BF61B52A21A00F3CB5E /* FriendListSectionHeaderView.xib in Resources */,
				46B689661B526AD200C22C4F /* JSQMessagesCollectionViewCellOutgoing.xib in Resources */,
				464A7BFD1B52A23A00F3CB5E /* headers.json in Resources */,
				464A7C041B52A25000F3CB5E /* Assets.xcassets in Resources */,
				46B6896B1B526AD200C22C4F /* JSQMessagesLoadEarlierHeaderView.xib in Resources */,
				464A7C091B52A26000F3CB5E /* Info.plist in Resources */,
				464A7BFE1B52A23A00F3CB5E /* users.json in Resources */,
				46B689461B526AD200C22C4F /* JSQMessagesAssets.bundle in Resources */,
				464A7BE61B52A1E900F3CB5E /* Main.storyboard in Resources */,
				464A7C071B52A25600F3CB5E /* LaunchScreen.storyboard in Resources */,
				46B689641B526AD200C22C4F /* JSQMessagesCollectionViewCellIncoming.xib in Resources */,
				46B689501B526AD200C22C4F /* JSQMessagesViewController.xib in Resources */,
			);
			runOnlyForDeploymentPostprocessing = 0;
		};
/* End PBXResourcesBuildPhase section */

/* Begin PBXSourcesBuildPhase section */
		467F4DBD1B51CCAD0010BE02 /* Sources */ = {
			isa = PBXSourcesBuildPhase;
			buildActionMask = 2147483647;
			files = (
				464A7BDD1B52A15F00F3CB5E /* AppDelegate.swift in Sources */,
				46B689651B526AD200C22C4F /* JSQMessagesCollectionViewCellOutgoing.m in Sources */,
				46B6894E1B526AD200C22C4F /* JSQMessagesKeyboardController.m in Sources */,
				46B6895A1B526AD200C22C4F /* JSQMediaItem.m in Sources */,
				46B689561B526AD200C22C4F /* JSQMessagesCollectionViewFlowLayout.m in Sources */,
				46B689491B526AD200C22C4F /* NSString+JSQMessages.m in Sources */,
				464A7BE11B52A16E00F3CB5E /* Header.swift in Sources */,
				46B689481B526AD200C22C4F /* NSBundle+JSQMessages.m in Sources */,
				46B689631B526AD200C22C4F /* JSQMessagesCollectionViewCellIncoming.m in Sources */,
				464A7C131B52A27500F3CB5E /* SegueDefines.swift in Sources */,
				464A7BFA1B52A22700F3CB5E /* InsetLabel.swift in Sources */,
				464A7C0D1B52A26900F3CB5E /* Location.swift in Sources */,
				46B6895B1B526AD200C22C4F /* JSQMessage.m in Sources */,
				46B6894A1B526AD200C22C4F /* UIColor+JSQMessages.m in Sources */,
				464A7C171B52A28300F3CB5E /* NSUserDefaultHelper.swift in Sources */,
				464A7C161B52A28300F3CB5E /* NSNotificationCenterHelper.swift in Sources */,
				464A7BF81B52A21A00F3CB5E /* FriendTableViewCell.swift in Sources */,
				46B689471B526AD200C22C4F /* JSQSystemSoundPlayer+JSQMessages.m in Sources */,
				464A7C1F1B52A29C00F3CB5E /* StringExtension.swift in Sources */,
				46B6896A1B526AD200C22C4F /* JSQMessagesLoadEarlierHeaderView.m in Sources */,
				464A7C0B1B52A26400F3CB5E /* API.swift in Sources */,
				46B6896C1B526AD200C22C4F /* JSQMessagesMediaPlaceholderView.m in Sources */,
				46B689591B526AD200C22C4F /* JSQLocationMediaItem.m in Sources */,
				46B689541B526AD200C22C4F /* JSQMessagesTimestampFormatter.m in Sources */,
				46B689681B526AD200C22C4F /* JSQMessagesInputToolbar.m in Sources */,
				464A7BE81B52A1F300F3CB5E /* MasterViewController.swift in Sources */,
				46B689621B526AD200C22C4F /* JSQMessagesCollectionViewCell.m in Sources */,
				46B689571B526AD200C22C4F /* JSQMessagesCollectionViewFlowLayoutInvalidationContext.m in Sources */,
				46B689531B526AD200C22C4F /* JSQMessagesMediaViewBubbleImageMasker.m in Sources */,
				46B689601B526AD200C22C4F /* JSQMessagesCellTextView.m in Sources */,
				46B6894B1B526AD200C22C4F /* UIDevice+JSQMessages.m in Sources */,
				46B689691B526AD200C22C4F /* JSQMessagesLabel.m in Sources */,
				464A7BDF1B52A16900F3CB5E /* User.swift in Sources */,
				464A7BE31B52A17200F3CB5E /* Message.swift in Sources */,
				464A7C121B52A27500F3CB5E /* ImageDefines.swift in Sources */,
				46B6894F1B526AD200C22C4F /* JSQMessagesViewController.m in Sources */,
				46B6894C1B526AD200C22C4F /* UIImage+JSQMessages.m in Sources */,
				46869CEA1B52A76D00FF99BF /* FontBlaster.swift in Sources */,
				464A7BF51B52A21A00F3CB5E /* FriendListSectionHeaderView.swift in Sources */,
				464A7BF31B52A21A00F3CB5E /* AvatarAnnotation.swift in Sources */,
				46B6895D1B526AD200C22C4F /* JSQMessagesBubbleImage.m in Sources */,
				464A7BEA1B52A20200F3CB5E /* MessageViewController.swift in Sources */,
				464A7BF41B52A21A00F3CB5E /* AvatarAnnotationView.swift in Sources */,
				46B6896D1B526AD200C22C4F /* JSQMessagesToolbarContentView.m in Sources */,
				464A7C231B52A2A300F3CB5E /* CLLocationExtension.swift in Sources */,
				46B689611B526AD200C22C4F /* JSQMessagesCollectionView.m in Sources */,
				46B6896F1B526AD200C22C4F /* JSQMessagesTypingIndicatorFooterView.m in Sources */,
				464A7C1B1B52A28900F3CB5E /* UIColorExtension.swift in Sources */,
				464A7C211B52A29F00F3CB5E /* JSONExtension.swift in Sources */,
				464A7C111B52A27500F3CB5E /* ColorDefines.swift in Sources */,
				46869CEF1B52A92000FF99BF /* FriendMasterViewController.swift in Sources */,
				46B689551B526AD200C22C4F /* JSQMessagesToolbarButtonFactory.m in Sources */,
				464A7C1C1B52A28900F3CB5E /* UIStoryboardExtension.swift in Sources */,
				46B6895F1B526AD200C22C4F /* JSQVideoMediaItem.m in Sources */,
				46B6894D1B526AD200C22C4F /* UIView+JSQMessages.m in Sources */,
				46B6895E1B526AD200C22C4F /* JSQPhotoMediaItem.m in Sources */,
				464A7C1D1B52A28900F3CB5E /* UIViewExtension.swift in Sources */,
				464A7BEC1B52A20A00F3CB5E /* MapViewController.swift in Sources */,
				46B6895C1B526AD200C22C4F /* JSQMessagesAvatarImage.m in Sources */,
				464A7BF71B52A21A00F3CB5E /* FriendListViewController.swift in Sources */,
				46B689BA1B526B1400C22C4F /* JSQSystemSoundPlayer.m in Sources */,
				46D96DBC1B51F20400701D69 /* MBPullDownController.m in Sources */,
				46B689521B526AD200C22C4F /* JSQMessagesBubbleImageFactory.m in Sources */,
				46B689511B526AD200C22C4F /* JSQMessagesAvatarImageFactory.m in Sources */,
				46B689581B526AD200C22C4F /* JSQMessagesCollectionViewLayoutAttributes.m in Sources */,
				46B689671B526AD200C22C4F /* JSQMessagesComposerTextView.m in Sources */,
			);
			runOnlyForDeploymentPostprocessing = 0;
		};
/* End PBXSourcesBuildPhase section */

/* Begin PBXVariantGroup section */
		464A7BE41B52A1E900F3CB5E /* Main.storyboard */ = {
			isa = PBXVariantGroup;
			children = (
				464A7BE51B52A1E900F3CB5E /* Base */,
			);
			name = Main.storyboard;
			path = .;
			sourceTree = "<group>";
		};
		464A7C051B52A25600F3CB5E /* LaunchScreen.storyboard */ = {
			isa = PBXVariantGroup;
			children = (
				464A7C061B52A25600F3CB5E /* Base */,
			);
			name = LaunchScreen.storyboard;
			path = .;
			sourceTree = "<group>";
		};
/* End PBXVariantGroup section */

/* Begin XCBuildConfiguration section */
		467F4DD11B51CCAD0010BE02 /* Debug */ = {
			isa = XCBuildConfiguration;
			buildSettings = {
				ALWAYS_SEARCH_USER_PATHS = NO;
				CLANG_CXX_LANGUAGE_STANDARD = "gnu++0x";
				CLANG_CXX_LIBRARY = "libc++";
				CLANG_ENABLE_MODULES = YES;
				CLANG_ENABLE_OBJC_ARC = YES;
				CLANG_WARN_BOOL_CONVERSION = YES;
				CLANG_WARN_CONSTANT_CONVERSION = YES;
				CLANG_WARN_DIRECT_OBJC_ISA_USAGE = YES_ERROR;
				CLANG_WARN_EMPTY_BODY = YES;
				CLANG_WARN_ENUM_CONVERSION = YES;
				CLANG_WARN_INT_CONVERSION = YES;
				CLANG_WARN_OBJC_ROOT_CLASS = YES_ERROR;
				CLANG_WARN_UNREACHABLE_CODE = YES;
				CLANG_WARN__DUPLICATE_METHOD_MATCH = YES;
				"CODE_SIGN_IDENTITY[sdk=iphoneos*]" = "iPhone Developer";
				COPY_PHASE_STRIP = NO;
				DEBUG_INFORMATION_FORMAT = dwarf;
				ENABLE_STRICT_OBJC_MSGSEND = YES;
				ENABLE_TESTABILITY = YES;
				GCC_C_LANGUAGE_STANDARD = gnu99;
				GCC_DYNAMIC_NO_PIC = NO;
				GCC_NO_COMMON_BLOCKS = YES;
				GCC_OPTIMIZATION_LEVEL = 0;
				GCC_PREPROCESSOR_DEFINITIONS = (
					"DEBUG=1",
					"$(inherited)",
				);
				GCC_WARN_64_TO_32_BIT_CONVERSION = YES;
				GCC_WARN_ABOUT_RETURN_TYPE = YES_ERROR;
				GCC_WARN_UNDECLARED_SELECTOR = YES;
				GCC_WARN_UNINITIALIZED_AUTOS = YES_AGGRESSIVE;
				GCC_WARN_UNUSED_FUNCTION = YES;
				GCC_WARN_UNUSED_VARIABLE = YES;
				IPHONEOS_DEPLOYMENT_TARGET = 8.0;
				MTL_ENABLE_DEBUG_INFO = YES;
				ONLY_ACTIVE_ARCH = YES;
				SDKROOT = iphoneos;
				SWIFT_OPTIMIZATION_LEVEL = "-Onone";
			};
			name = Debug;
		};
		467F4DD21B51CCAD0010BE02 /* Release */ = {
			isa = XCBuildConfiguration;
			buildSettings = {
				ALWAYS_SEARCH_USER_PATHS = NO;
				CLANG_CXX_LANGUAGE_STANDARD = "gnu++0x";
				CLANG_CXX_LIBRARY = "libc++";
				CLANG_ENABLE_MODULES = YES;
				CLANG_ENABLE_OBJC_ARC = YES;
				CLANG_WARN_BOOL_CONVERSION = YES;
				CLANG_WARN_CONSTANT_CONVERSION = YES;
				CLANG_WARN_DIRECT_OBJC_ISA_USAGE = YES_ERROR;
				CLANG_WARN_EMPTY_BODY = YES;
				CLANG_WARN_ENUM_CONVERSION = YES;
				CLANG_WARN_INT_CONVERSION = YES;
				CLANG_WARN_OBJC_ROOT_CLASS = YES_ERROR;
				CLANG_WARN_UNREACHABLE_CODE = YES;
				CLANG_WARN__DUPLICATE_METHOD_MATCH = YES;
				"CODE_SIGN_IDENTITY[sdk=iphoneos*]" = "iPhone Developer";
				COPY_PHASE_STRIP = NO;
				DEBUG_INFORMATION_FORMAT = "dwarf-with-dsym";
				ENABLE_NS_ASSERTIONS = NO;
				ENABLE_STRICT_OBJC_MSGSEND = YES;
				GCC_C_LANGUAGE_STANDARD = gnu99;
				GCC_NO_COMMON_BLOCKS = YES;
				GCC_WARN_64_TO_32_BIT_CONVERSION = YES;
				GCC_WARN_ABOUT_RETURN_TYPE = YES_ERROR;
				GCC_WARN_UNDECLARED_SELECTOR = YES;
				GCC_WARN_UNINITIALIZED_AUTOS = YES_AGGRESSIVE;
				GCC_WARN_UNUSED_FUNCTION = YES;
				GCC_WARN_UNUSED_VARIABLE = YES;
				IPHONEOS_DEPLOYMENT_TARGET = 8.0;
				MTL_ENABLE_DEBUG_INFO = NO;
				SDKROOT = iphoneos;
				VALIDATE_PRODUCT = YES;
			};
			name = Release;
		};
		467F4DD41B51CCAD0010BE02 /* Debug */ = {
			isa = XCBuildConfiguration;
			buildSettings = {
				ASSETCATALOG_COMPILER_APPICON_NAME = AppIcon;
				CODE_SIGN_IDENTITY = "iPhone Developer";
				EXECUTABLE_EXTENSION = "";
				FRAMEWORK_SEARCH_PATHS = "Carthage/Build/iOS/**";
				INFOPLIST_FILE = "$(SRCROOT)/Knit/Supporting Files/Info.plist";
				LD_RUNPATH_SEARCH_PATHS = "$(inherited) @executable_path/Frameworks";
				PRODUCT_BUNDLE_IDENTIFIER = asb.Knit;
				PRODUCT_NAME = Knit;
				SWIFT_OBJC_BRIDGING_HEADER = "$(TARGET_NAME)/$(TARGET_NAME)-Bridging-Header.h";
			};
			name = Debug;
		};
		467F4DD51B51CCAD0010BE02 /* Release */ = {
			isa = XCBuildConfiguration;
			buildSettings = {
				ASSETCATALOG_COMPILER_APPICON_NAME = AppIcon;
				CODE_SIGN_IDENTITY = "iPhone Developer";
				EXECUTABLE_EXTENSION = "";
				FRAMEWORK_SEARCH_PATHS = "Carthage/Build/iOS/**";
				INFOPLIST_FILE = "$(SRCROOT)/Knit/Supporting Files/Info.plist";
				LD_RUNPATH_SEARCH_PATHS = "$(inherited) @executable_path/Frameworks";
				PRODUCT_BUNDLE_IDENTIFIER = asb.Knit;
				PRODUCT_NAME = Knit;
				SWIFT_OBJC_BRIDGING_HEADER = "$(TARGET_NAME)/$(TARGET_NAME)-Bridging-Header.h";
			};
			name = Release;
		};
/* End XCBuildConfiguration section */

/* Begin XCConfigurationList section */
		467F4DBC1B51CCAD0010BE02 /* Build configuration list for PBXProject "Knit" */ = {
			isa = XCConfigurationList;
			buildConfigurations = (
				467F4DD11B51CCAD0010BE02 /* Debug */,
				467F4DD21B51CCAD0010BE02 /* Release */,
			);
			defaultConfigurationIsVisible = 0;
			defaultConfigurationName = Release;
		};
		467F4DD31B51CCAD0010BE02 /* Build configuration list for PBXNativeTarget "Knit" */ = {
			isa = XCConfigurationList;
			buildConfigurations = (
				467F4DD41B51CCAD0010BE02 /* Debug */,
				467F4DD51B51CCAD0010BE02 /* Release */,
			);
			defaultConfigurationIsVisible = 0;
			defaultConfigurationName = Release;
		};
/* End XCConfigurationList section */
	};
	rootObject = 467F4DB91B51CCAD0010BE02 /* Project object */;
}
