// !$*UTF8*$!
{
	archiveVersion = 1;
	classes = {
	};
	objectVersion = 46;
	objects = {

/* Begin PBXBuildFile section */
		4615818B1B51B7CB0005E05C /* AppDelegate.swift in Sources */ = {isa = PBXBuildFile; fileRef = 4615818A1B51B7CB0005E05C /* AppDelegate.swift */; };
		4615818D1B51B7CB0005E05C /* ViewController.swift in Sources */ = {isa = PBXBuildFile; fileRef = 4615818C1B51B7CB0005E05C /* ViewController.swift */; };
		461581901B51B7CB0005E05C /* Main.storyboard in Resources */ = {isa = PBXBuildFile; fileRef = 4615818E1B51B7CB0005E05C /* Main.storyboard */; };
		461581921B51B7CB0005E05C /* Images.xcassets in Resources */ = {isa = PBXBuildFile; fileRef = 461581911B51B7CB0005E05C /* Images.xcassets */; };
		461581951B51B7CB0005E05C /* LaunchScreen.xib in Resources */ = {isa = PBXBuildFile; fileRef = 461581931B51B7CB0005E05C /* LaunchScreen.xib */; };
		461581AF1B51BA6B0005E05C /* UIStoryboardExtension.swift in Sources */ = {isa = PBXBuildFile; fileRef = 461581AE1B51BA6B0005E05C /* UIStoryboardExtension.swift */; };
		461581B11B51BA9B0005E05C /* CoreLocation.framework in Frameworks */ = {isa = PBXBuildFile; fileRef = 461581B01B51BA9B0005E05C /* CoreLocation.framework */; };
		461581B51B51BADF0005E05C /* MapKit.framework in Frameworks */ = {isa = PBXBuildFile; fileRef = 461581B41B51BADF0005E05C /* MapKit.framework */; };
/* End PBXBuildFile section */

/* Begin PBXFileReference section */
		461581851B51B7CB0005E05C /* outside-hacks.app */ = {isa = PBXFileReference; explicitFileType = wrapper.application; includeInIndex = 0; path = "outside-hacks.app"; sourceTree = BUILT_PRODUCTS_DIR; };
		461581891B51B7CB0005E05C /* Info.plist */ = {isa = PBXFileReference; lastKnownFileType = text.plist.xml; path = Info.plist; sourceTree = "<group>"; };
		4615818A1B51B7CB0005E05C /* AppDelegate.swift */ = {isa = PBXFileReference; lastKnownFileType = sourcecode.swift; path = AppDelegate.swift; sourceTree = "<group>"; };
		4615818C1B51B7CB0005E05C /* ViewController.swift */ = {isa = PBXFileReference; lastKnownFileType = sourcecode.swift; path = ViewController.swift; sourceTree = "<group>"; };
		4615818F1B51B7CB0005E05C /* Base */ = {isa = PBXFileReference; lastKnownFileType = file.storyboard; name = Base; path = Base.lproj/Main.storyboard; sourceTree = "<group>"; };
		461581911B51B7CB0005E05C /* Images.xcassets */ = {isa = PBXFileReference; lastKnownFileType = folder.assetcatalog; path = Images.xcassets; sourceTree = "<group>"; };
		461581941B51B7CB0005E05C /* Base */ = {isa = PBXFileReference; lastKnownFileType = file.xib; name = Base; path = Base.lproj/LaunchScreen.xib; sourceTree = "<group>"; };
		461581AE1B51BA6B0005E05C /* UIStoryboardExtension.swift */ = {isa = PBXFileReference; fileEncoding = 4; lastKnownFileType = sourcecode.swift; path = UIStoryboardExtension.swift; sourceTree = "<group>"; };
		461581B01B51BA9B0005E05C /* CoreLocation.framework */ = {isa = PBXFileReference; lastKnownFileType = wrapper.framework; name = CoreLocation.framework; path = System/Library/Frameworks/CoreLocation.framework; sourceTree = SDKROOT; };
		461581B41B51BADF0005E05C /* MapKit.framework */ = {isa = PBXFileReference; lastKnownFileType = wrapper.framework; name = MapKit.framework; path = System/Library/Frameworks/MapKit.framework; sourceTree = SDKROOT; };
/* End PBXFileReference section */

/* Begin PBXFrameworksBuildPhase section */
		461581821B51B7CB0005E05C /* Frameworks */ = {
			isa = PBXFrameworksBuildPhase;
			buildActionMask = 2147483647;
			files = (
				461581B51B51BADF0005E05C /* MapKit.framework in Frameworks */,
				461581B11B51BA9B0005E05C /* CoreLocation.framework in Frameworks */,
			);
			runOnlyForDeploymentPostprocessing = 0;
		};
/* End PBXFrameworksBuildPhase section */

/* Begin PBXGroup section */
		4615817C1B51B7CB0005E05C = {
			isa = PBXGroup;
			children = (
				461581871B51B7CB0005E05C /* outside-hacks */,
				461581861B51B7CB0005E05C /* Products */,
				461581B21B51BAA20005E05C /* Libraries */,
			);
			sourceTree = "<group>";
		};
		461581861B51B7CB0005E05C /* Products */ = {
			isa = PBXGroup;
			children = (
				461581851B51B7CB0005E05C /* outside-hacks.app */,
			);
			name = Products;
			sourceTree = "<group>";
		};
		461581871B51B7CB0005E05C /* outside-hacks */ = {
			isa = PBXGroup;
			children = (
				4615818A1B51B7CB0005E05C /* AppDelegate.swift */,
				461581AB1B51B7E80005E05C /* Views */,
				461581AA1B51B7DE0005E05C /* Resources */,
				461581881B51B7CB0005E05C /* Supporting Files */,
			);
			path = "outside-hacks";
			sourceTree = "<group>";
		};
		461581881B51B7CB0005E05C /* Supporting Files */ = {
			isa = PBXGroup;
			children = (
				461581AE1B51BA6B0005E05C /* UIStoryboardExtension.swift */,
				461581891B51B7CB0005E05C /* Info.plist */,
			);
			name = "Supporting Files";
			sourceTree = "<group>";
		};
		461581AA1B51B7DE0005E05C /* Resources */ = {
			isa = PBXGroup;
			children = (
				461581911B51B7CB0005E05C /* Images.xcassets */,
				461581931B51B7CB0005E05C /* LaunchScreen.xib */,
			);
			name = Resources;
			sourceTree = "<group>";
		};
		461581AB1B51B7E80005E05C /* Views */ = {
			isa = PBXGroup;
			children = (
				4615818C1B51B7CB0005E05C /* ViewController.swift */,
				4615818E1B51B7CB0005E05C /* Main.storyboard */,
			);
			name = Views;
			sourceTree = "<group>";
		};
		461581B21B51BAA20005E05C /* Libraries */ = {
			isa = PBXGroup;
			children = (
				461581B31B51BAAA0005E05C /* Frameworks */,
			);
			name = Libraries;
			sourceTree = "<group>";
		};
		461581B31B51BAAA0005E05C /* Frameworks */ = {
			isa = PBXGroup;
			children = (
				461581B41B51BADF0005E05C /* MapKit.framework */,
				461581B01B51BA9B0005E05C /* CoreLocation.framework */,
			);
			name = Frameworks;
			sourceTree = "<group>";
		};
/* End PBXGroup section */

/* Begin PBXNativeTarget section */
		461581841B51B7CB0005E05C /* outside-hacks */ = {
			isa = PBXNativeTarget;
			buildConfigurationList = 461581A41B51B7CC0005E05C /* Build configuration list for PBXNativeTarget "outside-hacks" */;
			buildPhases = (
				461581811B51B7CB0005E05C /* Sources */,
				461581821B51B7CB0005E05C /* Frameworks */,
				461581831B51B7CB0005E05C /* Resources */,
			);
			buildRules = (
			);
			dependencies = (
			);
			name = "outside-hacks";
			productName = "outside-hacks";
			productReference = 461581851B51B7CB0005E05C /* outside-hacks.app */;
			productType = "com.apple.product-type.application";
		};
/* End PBXNativeTarget section */

/* Begin PBXProject section */
		4615817D1B51B7CB0005E05C /* Project object */ = {
			isa = PBXProject;
			attributes = {
				LastUpgradeCheck = 0640;
				ORGANIZATIONNAME = "Andrew Breckenridge";
				TargetAttributes = {
					461581841B51B7CB0005E05C = {
						CreatedOnToolsVersion = 6.4;
					};
				};
			};
			buildConfigurationList = 461581801B51B7CB0005E05C /* Build configuration list for PBXProject "outside-hacks" */;
			compatibilityVersion = "Xcode 3.2";
			developmentRegion = English;
			hasScannedForEncodings = 0;
			knownRegions = (
				en,
				Base,
			);
			mainGroup = 4615817C1B51B7CB0005E05C;
			productRefGroup = 461581861B51B7CB0005E05C /* Products */;
			projectDirPath = "";
			projectRoot = "";
			targets = (
				461581841B51B7CB0005E05C /* outside-hacks */,
			);
		};
/* End PBXProject section */

/* Begin PBXResourcesBuildPhase section */
		461581831B51B7CB0005E05C /* Resources */ = {
			isa = PBXResourcesBuildPhase;
			buildActionMask = 2147483647;
			files = (
				461581901B51B7CB0005E05C /* Main.storyboard in Resources */,
				461581951B51B7CB0005E05C /* LaunchScreen.xib in Resources */,
				461581921B51B7CB0005E05C /* Images.xcassets in Resources */,
			);
			runOnlyForDeploymentPostprocessing = 0;
		};
/* End PBXResourcesBuildPhase section */

/* Begin PBXSourcesBuildPhase section */
		461581811B51B7CB0005E05C /* Sources */ = {
			isa = PBXSourcesBuildPhase;
			buildActionMask = 2147483647;
			files = (
				4615818D1B51B7CB0005E05C /* ViewController.swift in Sources */,
				461581AF1B51BA6B0005E05C /* UIStoryboardExtension.swift in Sources */,
				4615818B1B51B7CB0005E05C /* AppDelegate.swift in Sources */,
			);
			runOnlyForDeploymentPostprocessing = 0;
		};
/* End PBXSourcesBuildPhase section */

/* Begin PBXVariantGroup section */
		4615818E1B51B7CB0005E05C /* Main.storyboard */ = {
			isa = PBXVariantGroup;
			children = (
				4615818F1B51B7CB0005E05C /* Base */,
			);
			name = Main.storyboard;
			sourceTree = "<group>";
		};
		461581931B51B7CB0005E05C /* LaunchScreen.xib */ = {
			isa = PBXVariantGroup;
			children = (
				461581941B51B7CB0005E05C /* Base */,
			);
			name = LaunchScreen.xib;
			sourceTree = "<group>";
		};
/* End PBXVariantGroup section */

/* Begin XCBuildConfiguration section */
		461581A21B51B7CC0005E05C /* Debug */ = {
			isa = XCBuildConfiguration;
			buildSettings = {
				ALWAYS_SEARCH_USER_PATHS = NO;
				CLANG_CXX_LANGUAGE_STANDARD = "gnu++0x";
				CLANG_CXX_LIBRARY = "libc++";
				CLANG_ENABLE_MODULES = YES;
				CLANG_ENABLE_OBJC_ARC = YES;
				CLANG_WARN_BOOL_CONVERSION = YES;
				CLANG_WARN_CONSTANT_CONVERSION = YES;
				CLANG_WARN_DIRECT_OBJC_ISA_USAGE = YES_ERROR;
				CLANG_WARN_EMPTY_BODY = YES;
				CLANG_WARN_ENUM_CONVERSION = YES;
				CLANG_WARN_INT_CONVERSION = YES;
				CLANG_WARN_OBJC_ROOT_CLASS = YES_ERROR;
				CLANG_WARN_UNREACHABLE_CODE = YES;
				CLANG_WARN__DUPLICATE_METHOD_MATCH = YES;
				"CODE_SIGN_IDENTITY[sdk=iphoneos*]" = "iPhone Developer";
				COPY_PHASE_STRIP = NO;
				DEBUG_INFORMATION_FORMAT = "dwarf-with-dsym";
				ENABLE_STRICT_OBJC_MSGSEND = YES;
				GCC_C_LANGUAGE_STANDARD = gnu99;
				GCC_DYNAMIC_NO_PIC = NO;
				GCC_NO_COMMON_BLOCKS = YES;
				GCC_OPTIMIZATION_LEVEL = 0;
				GCC_PREPROCESSOR_DEFINITIONS = (
					"DEBUG=1",
					"$(inherited)",
				);
				GCC_SYMBOLS_PRIVATE_EXTERN = NO;
				GCC_WARN_64_TO_32_BIT_CONVERSION = YES;
				GCC_WARN_ABOUT_RETURN_TYPE = YES_ERROR;
				GCC_WARN_UNDECLARED_SELECTOR = YES;
				GCC_WARN_UNINITIALIZED_AUTOS = YES_AGGRESSIVE;
				GCC_WARN_UNUSED_FUNCTION = YES;
				GCC_WARN_UNUSED_VARIABLE = YES;
				IPHONEOS_DEPLOYMENT_TARGET = 8.4;
				MTL_ENABLE_DEBUG_INFO = YES;
				ONLY_ACTIVE_ARCH = YES;
				SDKROOT = iphoneos;
				SWIFT_OPTIMIZATION_LEVEL = "-Onone";
			};
			name = Debug;
		};
		461581A31B51B7CC0005E05C /* Release */ = {
			isa = XCBuildConfiguration;
			buildSettings = {
				ALWAYS_SEARCH_USER_PATHS = NO;
				CLANG_CXX_LANGUAGE_STANDARD = "gnu++0x";
				CLANG_CXX_LIBRARY = "libc++";
				CLANG_ENABLE_MODULES = YES;
				CLANG_ENABLE_OBJC_ARC = YES;
				CLANG_WARN_BOOL_CONVERSION = YES;
				CLANG_WARN_CONSTANT_CONVERSION = YES;
				CLANG_WARN_DIRECT_OBJC_ISA_USAGE = YES_ERROR;
				CLANG_WARN_EMPTY_BODY = YES;
				CLANG_WARN_ENUM_CONVERSION = YES;
				CLANG_WARN_INT_CONVERSION = YES;
				CLANG_WARN_OBJC_ROOT_CLASS = YES_ERROR;
				CLANG_WARN_UNREACHABLE_CODE = YES;
				CLANG_WARN__DUPLICATE_METHOD_MATCH = YES;
				"CODE_SIGN_IDENTITY[sdk=iphoneos*]" = "iPhone Developer";
				COPY_PHASE_STRIP = NO;
				DEBUG_INFORMATION_FORMAT = "dwarf-with-dsym";
				ENABLE_NS_ASSERTIONS = NO;
				ENABLE_STRICT_OBJC_MSGSEND = YES;
				GCC_C_LANGUAGE_STANDARD = gnu99;
				GCC_NO_COMMON_BLOCKS = YES;
				GCC_WARN_64_TO_32_BIT_CONVERSION = YES;
				GCC_WARN_ABOUT_RETURN_TYPE = YES_ERROR;
				GCC_WARN_UNDECLARED_SELECTOR = YES;
				GCC_WARN_UNINITIALIZED_AUTOS = YES_AGGRESSIVE;
				GCC_WARN_UNUSED_FUNCTION = YES;
				GCC_WARN_UNUSED_VARIABLE = YES;
				IPHONEOS_DEPLOYMENT_TARGET = 8.4;
				MTL_ENABLE_DEBUG_INFO = NO;
				SDKROOT = iphoneos;
				VALIDATE_PRODUCT = YES;
			};
			name = Release;
		};
		461581A51B51B7CC0005E05C /* Debug */ = {
			isa = XCBuildConfiguration;
			buildSettings = {
				ASSETCATALOG_COMPILER_APPICON_NAME = AppIcon;
				INFOPLIST_FILE = "outside-hacks/Info.plist";
				IPHONEOS_DEPLOYMENT_TARGET = 8.4;
				LD_RUNPATH_SEARCH_PATHS = "$(inherited) @executable_path/Frameworks";
				PRODUCT_NAME = "$(TARGET_NAME)";
			};
			name = Debug;
		};
		461581A61B51B7CC0005E05C /* Release */ = {
			isa = XCBuildConfiguration;
			buildSettings = {
				ASSETCATALOG_COMPILER_APPICON_NAME = AppIcon;
				INFOPLIST_FILE = "outside-hacks/Info.plist";
				IPHONEOS_DEPLOYMENT_TARGET = 8.4;
				LD_RUNPATH_SEARCH_PATHS = "$(inherited) @executable_path/Frameworks";
				PRODUCT_NAME = "$(TARGET_NAME)";
			};
			name = Release;
		};
/* End XCBuildConfiguration section */

/* Begin XCConfigurationList section */
		461581801B51B7CB0005E05C /* Build configuration list for PBXProject "outside-hacks" */ = {
			isa = XCConfigurationList;
			buildConfigurations = (
				461581A21B51B7CC0005E05C /* Debug */,
				461581A31B51B7CC0005E05C /* Release */,
			);
			defaultConfigurationIsVisible = 0;
			defaultConfigurationName = Release;
		};
		461581A41B51B7CC0005E05C /* Build configuration list for PBXNativeTarget "outside-hacks" */ = {
			isa = XCConfigurationList;
			buildConfigurations = (
				461581A51B51B7CC0005E05C /* Debug */,
				461581A61B51B7CC0005E05C /* Release */,
			);
			defaultConfigurationIsVisible = 0;
		};
/* End XCConfigurationList section */
	};
	rootObject = 4615817D1B51B7CB0005E05C /* Project object */;
}
