// !$*UTF8*$!
{
	archiveVersion = 1;
	classes = {
	};
	objectVersion = 46;
	objects = {

/* Begin PBXBuildFile section */
		467F4DC51B51CCAD0010BE02 /* AppDelegate.swift in Sources */ = {isa = PBXBuildFile; fileRef = 467F4DC41B51CCAD0010BE02 /* AppDelegate.swift */; };
		467F4DCA1B51CCAD0010BE02 /* Main.storyboard in Resources */ = {isa = PBXBuildFile; fileRef = 467F4DC81B51CCAD0010BE02 /* Main.storyboard */; };
		467F4DCC1B51CCAD0010BE02 /* Assets.xcassets in Resources */ = {isa = PBXBuildFile; fileRef = 467F4DCB1B51CCAD0010BE02 /* Assets.xcassets */; };
		467F4DCF1B51CCAD0010BE02 /* LaunchScreen.storyboard in Resources */ = {isa = PBXBuildFile; fileRef = 467F4DCD1B51CCAD0010BE02 /* LaunchScreen.storyboard */; };
		467F4DD71B51CCD40010BE02 /* MapViewController.swift in Sources */ = {isa = PBXBuildFile; fileRef = 467F4DD61B51CCD40010BE02 /* MapViewController.swift */; };
		467F4DDD1B51CD210010BE02 /* Location.swift in Sources */ = {isa = PBXBuildFile; fileRef = 467F4DDB1B51CD210010BE02 /* Location.swift */; };
		467F4DE21B51CD660010BE02 /* NSUserDefaultHelper.swift in Sources */ = {isa = PBXBuildFile; fileRef = 467F4DDF1B51CD660010BE02 /* NSUserDefaultHelper.swift */; };
		467F4DE31B51CD660010BE02 /* NSNotificationCenterHelper.swift in Sources */ = {isa = PBXBuildFile; fileRef = 467F4DE01B51CD660010BE02 /* NSNotificationCenterHelper.swift */; };
		467F4DE41B51CD660010BE02 /* UIStoryboardExtension.swift in Sources */ = {isa = PBXBuildFile; fileRef = 467F4DE11B51CD660010BE02 /* UIStoryboardExtension.swift */; };
		467F4DE71B51CDA60010BE02 /* API.swift in Sources */ = {isa = PBXBuildFile; fileRef = 467F4DE61B51CDA60010BE02 /* API.swift */; };
		46C1261F1B51E6840020CB6A /* FriendListViewController.swift in Sources */ = {isa = PBXBuildFile; fileRef = 46C1261E1B51E6840020CB6A /* FriendListViewController.swift */; };
		46D96DB41B51E74000701D69 /* Friend.swift in Sources */ = {isa = PBXBuildFile; fileRef = 46D96DB31B51E74000701D69 /* Friend.swift */; };
		46D96DBC1B51F20400701D69 /* MBPullDownController.m in Sources */ = {isa = PBXBuildFile; fileRef = 46D96DBB1B51F20400701D69 /* MBPullDownController.m */; };
		46D96DBE1B51F21B00701D69 /* MasterViewController.swift in Sources */ = {isa = PBXBuildFile; fileRef = 46D96DBD1B51F21B00701D69 /* MasterViewController.swift */; };
		46D96DC11B51FF3C00701D69 /* AvatarAnnotationView.swift in Sources */ = {isa = PBXBuildFile; fileRef = 46D96DC01B51FF3C00701D69 /* AvatarAnnotationView.swift */; };
		46D96DC31B51FFA700701D69 /* ImageDefines.swift in Sources */ = {isa = PBXBuildFile; fileRef = 46D96DC21B51FFA700701D69 /* ImageDefines.swift */; };
		46D96DC51B52055800701D69 /* AvatarAnnotation.swift in Sources */ = {isa = PBXBuildFile; fileRef = 46D96DC41B52055800701D69 /* AvatarAnnotation.swift */; };
		46D96DD61B520A5200701D69 /* Toucan.framework in Embed Frameworks */ = {isa = PBXBuildFile; fileRef = 46D96DD31B5209E100701D69 /* Toucan.framework */; settings = {ATTRIBUTES = (CodeSignOnCopy, RemoveHeadersOnCopy, ); }; };
		46D96DD91B520DED00701D69 /* ColorDefines.swift in Sources */ = {isa = PBXBuildFile; fileRef = 46D96DD81B520DED00701D69 /* ColorDefines.swift */; };
		46D96DDE1B520ED500701D69 /* ProximaNova-Regular.otf in Resources */ = {isa = PBXBuildFile; fileRef = 46D96DDA1B520ED500701D69 /* ProximaNova-Regular.otf */; };
		46D96DDF1B520ED500701D69 /* Mark Simonson - Proxima Nova Bold.otf in Resources */ = {isa = PBXBuildFile; fileRef = 46D96DDB1B520ED500701D69 /* Mark Simonson - Proxima Nova Bold.otf */; };
		46D96DE01B520ED500701D69 /* ProximaNova-Semibold.otf in Resources */ = {isa = PBXBuildFile; fileRef = 46D96DDC1B520ED500701D69 /* ProximaNova-Semibold.otf */; };
		46D96DE11B520ED500701D69 /* HUBERT JOCHAM Susa-Bold.otf in Resources */ = {isa = PBXBuildFile; fileRef = 46D96DDD1B520ED500701D69 /* HUBERT JOCHAM Susa-Bold.otf */; };
		46D96DE61B520F5000701D69 /* UIColorExtension.swift in Sources */ = {isa = PBXBuildFile; fileRef = 46D96DE51B520F5000701D69 /* UIColorExtension.swift */; };
		46D96DE81B52139E00701D69 /* FontBlaster.swift in Sources */ = {isa = PBXBuildFile; fileRef = 46D96DE71B52139E00701D69 /* FontBlaster.swift */; };
		46D96DEA1B52195900701D69 /* Header.swift in Sources */ = {isa = PBXBuildFile; fileRef = 46D96DE91B52195900701D69 /* Header.swift */; };
		46D96DEE1B521E3100701D69 /* headers.json in Resources */ = {isa = PBXBuildFile; fileRef = 46D96DED1B521E3100701D69 /* headers.json */; };
		46D96DF01B521E5B00701D69 /* users.json in Resources */ = {isa = PBXBuildFile; fileRef = 46D96DEF1B521E5B00701D69 /* users.json */; };
		46D96DF21B521FE900701D69 /* JSONExtension.swift in Sources */ = {isa = PBXBuildFile; fileRef = 46D96DF11B521FE900701D69 /* JSONExtension.swift */; };
		46D96DF61B523BBD00701D69 /* FriendListSectionHeaderView.swift in Sources */ = {isa = PBXBuildFile; fileRef = 46D96DF51B523BBD00701D69 /* FriendListSectionHeaderView.swift */; };
		46D96DF81B523BD600701D69 /* FriendListSectionHeaderView.xib in Resources */ = {isa = PBXBuildFile; fileRef = 46D96DF71B523BD600701D69 /* FriendListSectionHeaderView.xib */; };
		46D96DFA1B523D7500701D69 /* UIViewExtension.swift in Sources */ = {isa = PBXBuildFile; fileRef = 46D96DF91B523D7500701D69 /* UIViewExtension.swift */; };
		46D96DFC1B524BEF00701D69 /* InsetLabel.swift in Sources */ = {isa = PBXBuildFile; fileRef = 46D96DFB1B524BEF00701D69 /* InsetLabel.swift */; };
		46E9AE411B51D496007D0820 /* User.swift in Sources */ = {isa = PBXBuildFile; fileRef = 46E9AE401B51D496007D0820 /* User.swift */; };
		46E9AE441B51D8EF007D0820 /* CLLocationExtension.swift in Sources */ = {isa = PBXBuildFile; fileRef = 46E9AE431B51D8EF007D0820 /* CLLocationExtension.swift */; };
		46E9AE461B51DA31007D0820 /* StringExtension.swift in Sources */ = {isa = PBXBuildFile; fileRef = 46E9AE451B51DA31007D0820 /* StringExtension.swift */; };
		46FEE92C1B51CF4F00DA441E /* MapKit.framework in Frameworks */ = {isa = PBXBuildFile; fileRef = 46FEE92B1B51CF4F00DA441E /* MapKit.framework */; };
		46FEE92E1B51CF5300DA441E /* CoreLocation.framework in Frameworks */ = {isa = PBXBuildFile; fileRef = 46FEE92D1B51CF5300DA441E /* CoreLocation.framework */; };
/* End PBXBuildFile section */

/* Begin PBXCopyFilesBuildPhase section */
		46D96DD71B520A5300701D69 /* Embed Frameworks */ = {
			isa = PBXCopyFilesBuildPhase;
			buildActionMask = 2147483647;
			dstPath = "";
			dstSubfolderSpec = 10;
			files = (
				46D96DD61B520A5200701D69 /* Toucan.framework in Embed Frameworks */,
			);
			name = "Embed Frameworks";
			runOnlyForDeploymentPostprocessing = 0;
		};
/* End PBXCopyFilesBuildPhase section */

/* Begin PBXFileReference section */
		467F4DC11B51CCAD0010BE02 /* outside-hacks.app */ = {isa = PBXFileReference; explicitFileType = wrapper.application; includeInIndex = 0; path = "outside-hacks.app"; sourceTree = BUILT_PRODUCTS_DIR; };
		467F4DC41B51CCAD0010BE02 /* AppDelegate.swift */ = {isa = PBXFileReference; lastKnownFileType = sourcecode.swift; path = AppDelegate.swift; sourceTree = "<group>"; };
		467F4DC91B51CCAD0010BE02 /* Base */ = {isa = PBXFileReference; lastKnownFileType = file.storyboard; name = Base; path = Base.lproj/Main.storyboard; sourceTree = "<group>"; };
		467F4DCB1B51CCAD0010BE02 /* Assets.xcassets */ = {isa = PBXFileReference; lastKnownFileType = folder.assetcatalog; path = Assets.xcassets; sourceTree = "<group>"; };
		467F4DCE1B51CCAD0010BE02 /* Base */ = {isa = PBXFileReference; lastKnownFileType = file.storyboard; name = Base; path = Base.lproj/LaunchScreen.storyboard; sourceTree = "<group>"; };
		467F4DD01B51CCAD0010BE02 /* Info.plist */ = {isa = PBXFileReference; lastKnownFileType = text.plist.xml; path = Info.plist; sourceTree = "<group>"; };
		467F4DD61B51CCD40010BE02 /* MapViewController.swift */ = {isa = PBXFileReference; fileEncoding = 4; lastKnownFileType = sourcecode.swift; path = MapViewController.swift; sourceTree = "<group>"; };
		467F4DDB1B51CD210010BE02 /* Location.swift */ = {isa = PBXFileReference; fileEncoding = 4; lastKnownFileType = sourcecode.swift; path = Location.swift; sourceTree = "<group>"; };
		467F4DDF1B51CD660010BE02 /* NSUserDefaultHelper.swift */ = {isa = PBXFileReference; fileEncoding = 4; lastKnownFileType = sourcecode.swift; path = NSUserDefaultHelper.swift; sourceTree = "<group>"; };
		467F4DE01B51CD660010BE02 /* NSNotificationCenterHelper.swift */ = {isa = PBXFileReference; fileEncoding = 4; lastKnownFileType = sourcecode.swift; path = NSNotificationCenterHelper.swift; sourceTree = "<group>"; };
		467F4DE11B51CD660010BE02 /* UIStoryboardExtension.swift */ = {isa = PBXFileReference; fileEncoding = 4; lastKnownFileType = sourcecode.swift; path = UIStoryboardExtension.swift; sourceTree = "<group>"; };
		467F4DE61B51CDA60010BE02 /* API.swift */ = {isa = PBXFileReference; fileEncoding = 4; lastKnownFileType = sourcecode.swift; path = API.swift; sourceTree = "<group>"; };
		46C1261E1B51E6840020CB6A /* FriendListViewController.swift */ = {isa = PBXFileReference; fileEncoding = 4; lastKnownFileType = sourcecode.swift; path = FriendListViewController.swift; sourceTree = "<group>"; };
		46D96DB31B51E74000701D69 /* Friend.swift */ = {isa = PBXFileReference; fileEncoding = 4; lastKnownFileType = sourcecode.swift; path = Friend.swift; sourceTree = "<group>"; };
		46D96DBA1B51F20400701D69 /* MBPullDownController.h */ = {isa = PBXFileReference; fileEncoding = 4; lastKnownFileType = sourcecode.c.h; path = MBPullDownController.h; sourceTree = "<group>"; };
		46D96DBB1B51F20400701D69 /* MBPullDownController.m */ = {isa = PBXFileReference; fileEncoding = 4; lastKnownFileType = sourcecode.c.objc; path = MBPullDownController.m; sourceTree = "<group>"; };
		46D96DBD1B51F21B00701D69 /* MasterViewController.swift */ = {isa = PBXFileReference; fileEncoding = 4; lastKnownFileType = sourcecode.swift; path = MasterViewController.swift; sourceTree = "<group>"; };
		46D96DC01B51FF3C00701D69 /* AvatarAnnotationView.swift */ = {isa = PBXFileReference; fileEncoding = 4; lastKnownFileType = sourcecode.swift; path = AvatarAnnotationView.swift; sourceTree = "<group>"; };
		46D96DC21B51FFA700701D69 /* ImageDefines.swift */ = {isa = PBXFileReference; fileEncoding = 4; lastKnownFileType = sourcecode.swift; path = ImageDefines.swift; sourceTree = "<group>"; };
		46D96DC41B52055800701D69 /* AvatarAnnotation.swift */ = {isa = PBXFileReference; fileEncoding = 4; lastKnownFileType = sourcecode.swift; path = AvatarAnnotation.swift; sourceTree = "<group>"; };
		46D96DD31B5209E100701D69 /* Toucan.framework */ = {isa = PBXFileReference; lastKnownFileType = wrapper.framework; name = Toucan.framework; path = Carthage/Build/iOS/Toucan.framework; sourceTree = SOURCE_ROOT; };
		46D96DD81B520DED00701D69 /* ColorDefines.swift */ = {isa = PBXFileReference; fileEncoding = 4; lastKnownFileType = sourcecode.swift; path = ColorDefines.swift; sourceTree = "<group>"; };
		46D96DDA1B520ED500701D69 /* ProximaNova-Regular.otf */ = {isa = PBXFileReference; lastKnownFileType = file; path = "ProximaNova-Regular.otf"; sourceTree = "<group>"; };
		46D96DDB1B520ED500701D69 /* Mark Simonson - Proxima Nova Bold.otf */ = {isa = PBXFileReference; lastKnownFileType = file; path = "Mark Simonson - Proxima Nova Bold.otf"; sourceTree = "<group>"; };
		46D96DDC1B520ED500701D69 /* ProximaNova-Semibold.otf */ = {isa = PBXFileReference; lastKnownFileType = file; path = "ProximaNova-Semibold.otf"; sourceTree = "<group>"; };
		46D96DDD1B520ED500701D69 /* HUBERT JOCHAM Susa-Bold.otf */ = {isa = PBXFileReference; lastKnownFileType = file; path = "HUBERT JOCHAM Susa-Bold.otf"; sourceTree = "<group>"; };
		46D96DE51B520F5000701D69 /* UIColorExtension.swift */ = {isa = PBXFileReference; fileEncoding = 4; lastKnownFileType = sourcecode.swift; path = UIColorExtension.swift; sourceTree = "<group>"; };
		46D96DE71B52139E00701D69 /* FontBlaster.swift */ = {isa = PBXFileReference; fileEncoding = 4; lastKnownFileType = sourcecode.swift; name = FontBlaster.swift; path = Carthage/Checkouts/FontBlaster/FontBlaster/FontBlaster.swift; sourceTree = "<group>"; };
		46D96DE91B52195900701D69 /* Header.swift */ = {isa = PBXFileReference; fileEncoding = 4; lastKnownFileType = sourcecode.swift; path = Header.swift; sourceTree = "<group>"; };
		46D96DED1B521E3100701D69 /* headers.json */ = {isa = PBXFileReference; fileEncoding = 4; lastKnownFileType = text.json; path = headers.json; sourceTree = "<group>"; };
		46D96DEF1B521E5B00701D69 /* users.json */ = {isa = PBXFileReference; fileEncoding = 4; lastKnownFileType = text.json; path = users.json; sourceTree = "<group>"; };
		46D96DF11B521FE900701D69 /* JSONExtension.swift */ = {isa = PBXFileReference; fileEncoding = 4; lastKnownFileType = sourcecode.swift; path = JSONExtension.swift; sourceTree = "<group>"; };
		46D96DF51B523BBD00701D69 /* FriendListSectionHeaderView.swift */ = {isa = PBXFileReference; fileEncoding = 4; lastKnownFileType = sourcecode.swift; path = FriendListSectionHeaderView.swift; sourceTree = "<group>"; };
		46D96DF71B523BD600701D69 /* FriendListSectionHeaderView.xib */ = {isa = PBXFileReference; fileEncoding = 4; lastKnownFileType = file.xib; path = FriendListSectionHeaderView.xib; sourceTree = "<group>"; };
		46D96DF91B523D7500701D69 /* UIViewExtension.swift */ = {isa = PBXFileReference; fileEncoding = 4; lastKnownFileType = sourcecode.swift; path = UIViewExtension.swift; sourceTree = "<group>"; };
		46D96DFB1B524BEF00701D69 /* InsetLabel.swift */ = {isa = PBXFileReference; fileEncoding = 4; lastKnownFileType = sourcecode.swift; path = InsetLabel.swift; sourceTree = "<group>"; };
		46E9AE401B51D496007D0820 /* User.swift */ = {isa = PBXFileReference; fileEncoding = 4; lastKnownFileType = sourcecode.swift; path = User.swift; sourceTree = "<group>"; };
		46E9AE431B51D8EF007D0820 /* CLLocationExtension.swift */ = {isa = PBXFileReference; fileEncoding = 4; lastKnownFileType = sourcecode.swift; path = CLLocationExtension.swift; sourceTree = "<group>"; };
		46E9AE451B51DA31007D0820 /* StringExtension.swift */ = {isa = PBXFileReference; fileEncoding = 4; lastKnownFileType = sourcecode.swift; path = StringExtension.swift; sourceTree = "<group>"; };
		46FEE92B1B51CF4F00DA441E /* MapKit.framework */ = {isa = PBXFileReference; lastKnownFileType = wrapper.framework; name = MapKit.framework; path = System/Library/Frameworks/MapKit.framework; sourceTree = SDKROOT; };
		46FEE92D1B51CF5300DA441E /* CoreLocation.framework */ = {isa = PBXFileReference; lastKnownFileType = wrapper.framework; name = CoreLocation.framework; path = System/Library/Frameworks/CoreLocation.framework; sourceTree = SDKROOT; };
		46FEE9381B51D11A00DA441E /* outside-hacks-Bridging-Header.h */ = {isa = PBXFileReference; lastKnownFileType = sourcecode.c.h; name = "outside-hacks-Bridging-Header.h"; path = "outside-hacks/outside-hacks-Bridging-Header.h"; sourceTree = "<group>"; };
/* End PBXFileReference section */

/* Begin PBXFrameworksBuildPhase section */
		467F4DBE1B51CCAD0010BE02 /* Frameworks */ = {
			isa = PBXFrameworksBuildPhase;
			buildActionMask = 2147483647;
			files = (
				46FEE92E1B51CF5300DA441E /* CoreLocation.framework in Frameworks */,
				46FEE92C1B51CF4F00DA441E /* MapKit.framework in Frameworks */,
			);
			runOnlyForDeploymentPostprocessing = 0;
		};
/* End PBXFrameworksBuildPhase section */

/* Begin PBXGroup section */
		467F4DB81B51CCAD0010BE02 = {
			isa = PBXGroup;
			children = (
				467F4DC31B51CCAD0010BE02 /* outside-hacks */,
				467F4DC21B51CCAD0010BE02 /* Products */,
				46FEE92F1B51CF5800DA441E /* Libraries */,
			);
			sourceTree = "<group>";
		};
		467F4DC21B51CCAD0010BE02 /* Products */ = {
			isa = PBXGroup;
			children = (
				467F4DC11B51CCAD0010BE02 /* outside-hacks.app */,
			);
			name = Products;
			sourceTree = "<group>";
		};
		467F4DC31B51CCAD0010BE02 /* outside-hacks */ = {
			isa = PBXGroup;
			children = (
				467F4DC41B51CCAD0010BE02 /* AppDelegate.swift */,
				46E9AE421B51D7E4007D0820 /* Model */,
				467F4DD81B51CCF30010BE02 /* View */,
				467F4DD91B51CCF80010BE02 /* Resources */,
				467F4DDA1B51CCFC0010BE02 /* Supporting Files */,
			);
			path = "outside-hacks";
			sourceTree = "<group>";
		};
		467F4DD81B51CCF30010BE02 /* View */ = {
			isa = PBXGroup;
			children = (
				467F4DC81B51CCAD0010BE02 /* Main.storyboard */,
				46D96DBF1B51F22500701D69 /* Map */,
			);
			name = View;
			sourceTree = "<group>";
		};
		467F4DD91B51CCF80010BE02 /* Resources */ = {
			isa = PBXGroup;
			children = (
				46D96DED1B521E3100701D69 /* headers.json */,
				46D96DEF1B521E5B00701D69 /* users.json */,
				46D96DE21B520ED800701D69 /* Fonts */,
				467F4DCB1B51CCAD0010BE02 /* Assets.xcassets */,
				467F4DCD1B51CCAD0010BE02 /* LaunchScreen.storyboard */,
			);
			name = Resources;
			sourceTree = "<group>";
		};
		467F4DDA1B51CCFC0010BE02 /* Supporting Files */ = {
			isa = PBXGroup;
			children = (
				467F4DD01B51CCAD0010BE02 /* Info.plist */,
				467F4DDB1B51CD210010BE02 /* Location.swift */,
				467F4DE61B51CDA60010BE02 /* API.swift */,
				46D96DD81B520DED00701D69 /* ColorDefines.swift */,
				46D96DC21B51FFA700701D69 /* ImageDefines.swift */,
				467F4DE51B51CD690010BE02 /* Extensions */,
			);
			name = "Supporting Files";
			sourceTree = "<group>";
		};
		467F4DE51B51CD690010BE02 /* Extensions */ = {
			isa = PBXGroup;
			children = (
				467F4DDF1B51CD660010BE02 /* NSUserDefaultHelper.swift */,
				46D96DE51B520F5000701D69 /* UIColorExtension.swift */,
				467F4DE01B51CD660010BE02 /* NSNotificationCenterHelper.swift */,
				467F4DE11B51CD660010BE02 /* UIStoryboardExtension.swift */,
				46E9AE431B51D8EF007D0820 /* CLLocationExtension.swift */,
				46E9AE451B51DA31007D0820 /* StringExtension.swift */,
				46D96DF91B523D7500701D69 /* UIViewExtension.swift */,
				46D96DF11B521FE900701D69 /* JSONExtension.swift */,
			);
			name = Extensions;
			sourceTree = "<group>";
		};
		46D96DB91B51F20400701D69 /* MBPullDownController */ = {
			isa = PBXGroup;
			children = (
				46D96DBA1B51F20400701D69 /* MBPullDownController.h */,
				46D96DBB1B51F20400701D69 /* MBPullDownController.m */,
			);
			name = MBPullDownController;
			path = Carthage/Checkouts/MBPullDownController/MBPullDownController;
			sourceTree = "<group>";
		};
		46D96DBF1B51F22500701D69 /* Map */ = {
			isa = PBXGroup;
			children = (
				46D96DBD1B51F21B00701D69 /* MasterViewController.swift */,
				467F4DD61B51CCD40010BE02 /* MapViewController.swift */,
				46D96DC41B52055800701D69 /* AvatarAnnotation.swift */,
				46D96DC01B51FF3C00701D69 /* AvatarAnnotationView.swift */,
				46C1261E1B51E6840020CB6A /* FriendListViewController.swift */,
				46D96DF51B523BBD00701D69 /* FriendListSectionHeaderView.swift */,
				46D96DFB1B524BEF00701D69 /* InsetLabel.swift */,
				46D96DF71B523BD600701D69 /* FriendListSectionHeaderView.xib */,
			);
			name = Map;
			sourceTree = "<group>";
		};
		46D96DE21B520ED800701D69 /* Fonts */ = {
			isa = PBXGroup;
			children = (
				46D96DDA1B520ED500701D69 /* ProximaNova-Regular.otf */,
				46D96DDB1B520ED500701D69 /* Mark Simonson - Proxima Nova Bold.otf */,
				46D96DDC1B520ED500701D69 /* ProximaNova-Semibold.otf */,
				46D96DDD1B520ED500701D69 /* HUBERT JOCHAM Susa-Bold.otf */,
			);
			name = Fonts;
			sourceTree = "<group>";
		};
		46E9AE421B51D7E4007D0820 /* Model */ = {
			isa = PBXGroup;
			children = (
				46E9AE401B51D496007D0820 /* User.swift */,
				46D96DB31B51E74000701D69 /* Friend.swift */,
				46D96DE91B52195900701D69 /* Header.swift */,
			);
			name = Model;
			sourceTree = "<group>";
		};
		46FEE92F1B51CF5800DA441E /* Libraries */ = {
			isa = PBXGroup;
			children = (
				46FEE9381B51D11A00DA441E /* outside-hacks-Bridging-Header.h */,
				46D96DD31B5209E100701D69 /* Toucan.framework */,
				46D96DE71B52139E00701D69 /* FontBlaster.swift */,
				46D96DB91B51F20400701D69 /* MBPullDownController */,
				46FEE9301B51CF5E00DA441E /* Frameworks */,
			);
			name = Libraries;
			sourceTree = "<group>";
		};
		46FEE9301B51CF5E00DA441E /* Frameworks */ = {
			isa = PBXGroup;
			children = (
				46FEE92D1B51CF5300DA441E /* CoreLocation.framework */,
				46FEE92B1B51CF4F00DA441E /* MapKit.framework */,
			);
			name = Frameworks;
			sourceTree = "<group>";
		};
/* End PBXGroup section */

/* Begin PBXNativeTarget section */
		467F4DC01B51CCAD0010BE02 /* outside-hacks */ = {
			isa = PBXNativeTarget;
			buildConfigurationList = 467F4DD31B51CCAD0010BE02 /* Build configuration list for PBXNativeTarget "outside-hacks" */;
			buildPhases = (
				467F4DBD1B51CCAD0010BE02 /* Sources */,
				467F4DBE1B51CCAD0010BE02 /* Frameworks */,
				467F4DBF1B51CCAD0010BE02 /* Resources */,
				46D96DD71B520A5300701D69 /* Embed Frameworks */,
			);
			buildRules = (
			);
			dependencies = (
			);
			name = "outside-hacks";
			productName = "outside-hacks";
			productReference = 467F4DC11B51CCAD0010BE02 /* outside-hacks.app */;
			productType = "com.apple.product-type.application";
		};
/* End PBXNativeTarget section */

/* Begin PBXProject section */
		467F4DB91B51CCAD0010BE02 /* Project object */ = {
			isa = PBXProject;
			attributes = {
				LastUpgradeCheck = 0700;
				ORGANIZATIONNAME = "Andrew Breckenridge";
				TargetAttributes = {
					467F4DC01B51CCAD0010BE02 = {
						CreatedOnToolsVersion = 7.0;
						DevelopmentTeam = 2X8HM5UJ6Y;
					};
				};
			};
			buildConfigurationList = 467F4DBC1B51CCAD0010BE02 /* Build configuration list for PBXProject "outside-hacks" */;
			compatibilityVersion = "Xcode 3.2";
			developmentRegion = English;
			hasScannedForEncodings = 0;
			knownRegions = (
				en,
				Base,
			);
			mainGroup = 467F4DB81B51CCAD0010BE02;
			productRefGroup = 467F4DC21B51CCAD0010BE02 /* Products */;
			projectDirPath = "";
			projectRoot = "";
			targets = (
				467F4DC01B51CCAD0010BE02 /* outside-hacks */,
			);
		};
/* End PBXProject section */

/* Begin PBXResourcesBuildPhase section */
		467F4DBF1B51CCAD0010BE02 /* Resources */ = {
			isa = PBXResourcesBuildPhase;
			buildActionMask = 2147483647;
			files = (
				46D96DEE1B521E3100701D69 /* headers.json in Resources */,
				467F4DCF1B51CCAD0010BE02 /* LaunchScreen.storyboard in Resources */,
				46D96DE01B520ED500701D69 /* ProximaNova-Semibold.otf in Resources */,
				46D96DF01B521E5B00701D69 /* users.json in Resources */,
				46D96DDE1B520ED500701D69 /* ProximaNova-Regular.otf in Resources */,
				46D96DF81B523BD600701D69 /* FriendListSectionHeaderView.xib in Resources */,
				46D96DDF1B520ED500701D69 /* Mark Simonson - Proxima Nova Bold.otf in Resources */,
				46D96DE11B520ED500701D69 /* HUBERT JOCHAM Susa-Bold.otf in Resources */,
				467F4DCC1B51CCAD0010BE02 /* Assets.xcassets in Resources */,
				467F4DCA1B51CCAD0010BE02 /* Main.storyboard in Resources */,
			);
			runOnlyForDeploymentPostprocessing = 0;
		};
/* End PBXResourcesBuildPhase section */

/* Begin PBXSourcesBuildPhase section */
		467F4DBD1B51CCAD0010BE02 /* Sources */ = {
			isa = PBXSourcesBuildPhase;
			buildActionMask = 2147483647;
			files = (
				46D96DF21B521FE900701D69 /* JSONExtension.swift in Sources */,
				467F4DE31B51CD660010BE02 /* NSNotificationCenterHelper.swift in Sources */,
				467F4DC51B51CCAD0010BE02 /* AppDelegate.swift in Sources */,
				46D96DEA1B52195900701D69 /* Header.swift in Sources */,
				467F4DE21B51CD660010BE02 /* NSUserDefaultHelper.swift in Sources */,
				467F4DDD1B51CD210010BE02 /* Location.swift in Sources */,
				46D96DFA1B523D7500701D69 /* UIViewExtension.swift in Sources */,
				46E9AE441B51D8EF007D0820 /* CLLocationExtension.swift in Sources */,
				46E9AE411B51D496007D0820 /* User.swift in Sources */,
				467F4DE41B51CD660010BE02 /* UIStoryboardExtension.swift in Sources */,
				46D96DE61B520F5000701D69 /* UIColorExtension.swift in Sources */,
				46C1261F1B51E6840020CB6A /* FriendListViewController.swift in Sources */,
				46D96DC11B51FF3C00701D69 /* AvatarAnnotationView.swift in Sources */,
				46D96DFC1B524BEF00701D69 /* InsetLabel.swift in Sources */,
				467F4DD71B51CCD40010BE02 /* MapViewController.swift in Sources */,
				46E9AE461B51DA31007D0820 /* StringExtension.swift in Sources */,
				46D96DE81B52139E00701D69 /* FontBlaster.swift in Sources */,
				46D96DB41B51E74000701D69 /* Friend.swift in Sources */,
				46D96DF61B523BBD00701D69 /* FriendListSectionHeaderView.swift in Sources */,
				46D96DD91B520DED00701D69 /* ColorDefines.swift in Sources */,
				46D96DC51B52055800701D69 /* AvatarAnnotation.swift in Sources */,
				46D96DBC1B51F20400701D69 /* MBPullDownController.m in Sources */,
				46D96DBE1B51F21B00701D69 /* MasterViewController.swift in Sources */,
				46D96DC31B51FFA700701D69 /* ImageDefines.swift in Sources */,
				467F4DE71B51CDA60010BE02 /* API.swift in Sources */,
			);
			runOnlyForDeploymentPostprocessing = 0;
		};
/* End PBXSourcesBuildPhase section */

/* Begin PBXVariantGroup section */
		467F4DC81B51CCAD0010BE02 /* Main.storyboard */ = {
			isa = PBXVariantGroup;
			children = (
				467F4DC91B51CCAD0010BE02 /* Base */,
			);
			name = Main.storyboard;
			sourceTree = "<group>";
		};
		467F4DCD1B51CCAD0010BE02 /* LaunchScreen.storyboard */ = {
			isa = PBXVariantGroup;
			children = (
				467F4DCE1B51CCAD0010BE02 /* Base */,
			);
			name = LaunchScreen.storyboard;
			sourceTree = "<group>";
		};
/* End PBXVariantGroup section */

/* Begin XCBuildConfiguration section */
		467F4DD11B51CCAD0010BE02 /* Debug */ = {
			isa = XCBuildConfiguration;
			buildSettings = {
				ALWAYS_SEARCH_USER_PATHS = NO;
				CLANG_CXX_LANGUAGE_STANDARD = "gnu++0x";
				CLANG_CXX_LIBRARY = "libc++";
				CLANG_ENABLE_MODULES = YES;
				CLANG_ENABLE_OBJC_ARC = YES;
				CLANG_WARN_BOOL_CONVERSION = YES;
				CLANG_WARN_CONSTANT_CONVERSION = YES;
				CLANG_WARN_DIRECT_OBJC_ISA_USAGE = YES_ERROR;
				CLANG_WARN_EMPTY_BODY = YES;
				CLANG_WARN_ENUM_CONVERSION = YES;
				CLANG_WARN_INT_CONVERSION = YES;
				CLANG_WARN_OBJC_ROOT_CLASS = YES_ERROR;
				CLANG_WARN_UNREACHABLE_CODE = YES;
				CLANG_WARN__DUPLICATE_METHOD_MATCH = YES;
				"CODE_SIGN_IDENTITY[sdk=iphoneos*]" = "iPhone Developer";
				COPY_PHASE_STRIP = NO;
				DEBUG_INFORMATION_FORMAT = dwarf;
				ENABLE_STRICT_OBJC_MSGSEND = YES;
				ENABLE_TESTABILITY = YES;
				GCC_C_LANGUAGE_STANDARD = gnu99;
				GCC_DYNAMIC_NO_PIC = NO;
				GCC_NO_COMMON_BLOCKS = YES;
				GCC_OPTIMIZATION_LEVEL = 0;
				GCC_PREPROCESSOR_DEFINITIONS = (
					"DEBUG=1",
					"$(inherited)",
				);
				GCC_WARN_64_TO_32_BIT_CONVERSION = YES;
				GCC_WARN_ABOUT_RETURN_TYPE = YES_ERROR;
				GCC_WARN_UNDECLARED_SELECTOR = YES;
				GCC_WARN_UNINITIALIZED_AUTOS = YES_AGGRESSIVE;
				GCC_WARN_UNUSED_FUNCTION = YES;
				GCC_WARN_UNUSED_VARIABLE = YES;
				IPHONEOS_DEPLOYMENT_TARGET = 8.1;
				MTL_ENABLE_DEBUG_INFO = YES;
				ONLY_ACTIVE_ARCH = YES;
				SDKROOT = iphoneos;
				SWIFT_OPTIMIZATION_LEVEL = "-Onone";
			};
			name = Debug;
		};
		467F4DD21B51CCAD0010BE02 /* Release */ = {
			isa = XCBuildConfiguration;
			buildSettings = {
				ALWAYS_SEARCH_USER_PATHS = NO;
				CLANG_CXX_LANGUAGE_STANDARD = "gnu++0x";
				CLANG_CXX_LIBRARY = "libc++";
				CLANG_ENABLE_MODULES = YES;
				CLANG_ENABLE_OBJC_ARC = YES;
				CLANG_WARN_BOOL_CONVERSION = YES;
				CLANG_WARN_CONSTANT_CONVERSION = YES;
				CLANG_WARN_DIRECT_OBJC_ISA_USAGE = YES_ERROR;
				CLANG_WARN_EMPTY_BODY = YES;
				CLANG_WARN_ENUM_CONVERSION = YES;
				CLANG_WARN_INT_CONVERSION = YES;
				CLANG_WARN_OBJC_ROOT_CLASS = YES_ERROR;
				CLANG_WARN_UNREACHABLE_CODE = YES;
				CLANG_WARN__DUPLICATE_METHOD_MATCH = YES;
				"CODE_SIGN_IDENTITY[sdk=iphoneos*]" = "iPhone Developer";
				COPY_PHASE_STRIP = NO;
				DEBUG_INFORMATION_FORMAT = "dwarf-with-dsym";
				ENABLE_NS_ASSERTIONS = NO;
				ENABLE_STRICT_OBJC_MSGSEND = YES;
				GCC_C_LANGUAGE_STANDARD = gnu99;
				GCC_NO_COMMON_BLOCKS = YES;
				GCC_WARN_64_TO_32_BIT_CONVERSION = YES;
				GCC_WARN_ABOUT_RETURN_TYPE = YES_ERROR;
				GCC_WARN_UNDECLARED_SELECTOR = YES;
				GCC_WARN_UNINITIALIZED_AUTOS = YES_AGGRESSIVE;
				GCC_WARN_UNUSED_FUNCTION = YES;
				GCC_WARN_UNUSED_VARIABLE = YES;
				IPHONEOS_DEPLOYMENT_TARGET = 8.1;
				MTL_ENABLE_DEBUG_INFO = NO;
				SDKROOT = iphoneos;
				VALIDATE_PRODUCT = YES;
			};
			name = Release;
		};
		467F4DD41B51CCAD0010BE02 /* Debug */ = {
			isa = XCBuildConfiguration;
			buildSettings = {
				ASSETCATALOG_COMPILER_APPICON_NAME = AppIcon;
				CODE_SIGN_IDENTITY = "iPhone Developer";
				FRAMEWORK_SEARCH_PATHS = "Carthage/Build/iOS/**";
				INFOPLIST_FILE = "outside-hacks/Info.plist";
				LD_RUNPATH_SEARCH_PATHS = "$(inherited) @executable_path/Frameworks";
				PRODUCT_BUNDLE_IDENTIFIER = "asb.outside-hacks";
				PRODUCT_NAME = "$(TARGET_NAME)";
				SWIFT_OBJC_BRIDGING_HEADER = "$(TARGET_NAME)/$(TARGET_NAME)-Bridging-Header.h";
			};
			name = Debug;
		};
		467F4DD51B51CCAD0010BE02 /* Release */ = {
			isa = XCBuildConfiguration;
			buildSettings = {
				ASSETCATALOG_COMPILER_APPICON_NAME = AppIcon;
				CODE_SIGN_IDENTITY = "iPhone Developer";
				FRAMEWORK_SEARCH_PATHS = "Carthage/Build/iOS/**";
				INFOPLIST_FILE = "outside-hacks/Info.plist";
				LD_RUNPATH_SEARCH_PATHS = "$(inherited) @executable_path/Frameworks";
				PRODUCT_BUNDLE_IDENTIFIER = "asb.outside-hacks";
				PRODUCT_NAME = "$(TARGET_NAME)";
				SWIFT_OBJC_BRIDGING_HEADER = "$(TARGET_NAME)/$(TARGET_NAME)-Bridging-Header.h";
			};
			name = Release;
		};
/* End XCBuildConfiguration section */

/* Begin XCConfigurationList section */
		467F4DBC1B51CCAD0010BE02 /* Build configuration list for PBXProject "outside-hacks" */ = {
			isa = XCConfigurationList;
			buildConfigurations = (
				467F4DD11B51CCAD0010BE02 /* Debug */,
				467F4DD21B51CCAD0010BE02 /* Release */,
			);
			defaultConfigurationIsVisible = 0;
			defaultConfigurationName = Release;
		};
		467F4DD31B51CCAD0010BE02 /* Build configuration list for PBXNativeTarget "outside-hacks" */ = {
			isa = XCConfigurationList;
			buildConfigurations = (
				467F4DD41B51CCAD0010BE02 /* Debug */,
				467F4DD51B51CCAD0010BE02 /* Release */,
			);
			defaultConfigurationIsVisible = 0;
			defaultConfigurationName = Release;
		};
/* End XCConfigurationList section */
	};
	rootObject = 467F4DB91B51CCAD0010BE02 /* Project object */;
}
